// !$*UTF8*$!
{
	archiveVersion = 1;
	classes = {
	};
	objectVersion = 46;
	objects = {

/* Begin PBXBuildFile section */
		580621331B08CBAA009012D5 /* FeedViewController.swift in Sources */ = {isa = PBXBuildFile; fileRef = 580621321B08CBAA009012D5 /* FeedViewController.swift */; };
		5813390D1B12F9F300509879 /* default_artwork.png in Resources */ = {isa = PBXBuildFile; fileRef = 5813390C1B12F9F300509879 /* default_artwork.png */; };
		581D4C9E1B09FA120036BEBF /* PlaylistViewController.swift in Sources */ = {isa = PBXBuildFile; fileRef = 581D4C9D1B09FA120036BEBF /* PlaylistViewController.swift */; };
		581D4CA01B0A0CCF0036BEBF /* PlaylistTableViewCell.swift in Sources */ = {isa = PBXBuildFile; fileRef = 581D4C9F1B0A0CCF0036BEBF /* PlaylistTableViewCell.swift */; };
		582709F71B0A8605003C44DA /* KeychainItemWrapper.swift in Sources */ = {isa = PBXBuildFile; fileRef = 582709F61B0A8605003C44DA /* KeychainItemWrapper.swift */; };
		582AFA1E1B09200B001ADEED /* SigninViewController.swift in Sources */ = {isa = PBXBuildFile; fileRef = 582AFA1D1B09200B001ADEED /* SigninViewController.swift */; };
		582E7D841B0F8F0700AB76A2 /* ic_search.png in Resources */ = {isa = PBXBuildFile; fileRef = 582E7D831B0F8F0700AB76A2 /* ic_search.png */; };
		582E7D861B0F9A2D00AB76A2 /* QuartzCore.framework in Frameworks */ = {isa = PBXBuildFile; fileRef = 582E7D851B0F9A2D00AB76A2 /* QuartzCore.framework */; };
		582E7D8D1B107F6100AB76A2 /* settings-100.png in Resources */ = {isa = PBXBuildFile; fileRef = 582E7D871B107F6100AB76A2 /* settings-100.png */; };
		582E7D8E1B107F6100AB76A2 /* search-100.png in Resources */ = {isa = PBXBuildFile; fileRef = 582E7D881B107F6100AB76A2 /* search-100.png */; };
		582E7D8F1B107F6100AB76A2 /* home-100.png in Resources */ = {isa = PBXBuildFile; fileRef = 582E7D891B107F6100AB76A2 /* home-100.png */; };
		582E7D901B107F6100AB76A2 /* menu-100.png in Resources */ = {isa = PBXBuildFile; fileRef = 582E7D8A1B107F6100AB76A2 /* menu-100.png */; };
		582E7D911B107F6100AB76A2 /* cancel-100.png in Resources */ = {isa = PBXBuildFile; fileRef = 582E7D8B1B107F6100AB76A2 /* cancel-100.png */; };
		582E7D921B107F6100AB76A2 /* checkmark-100.png in Resources */ = {isa = PBXBuildFile; fileRef = 582E7D8C1B107F6100AB76A2 /* checkmark-100.png */; };
		582E7D941B108AC200AB76A2 /* plus-96.png in Resources */ = {isa = PBXBuildFile; fileRef = 582E7D931B108AC200AB76A2 /* plus-96.png */; };
		582E7D961B109B3100AB76A2 /* AutocomTableViewCell.swift in Sources */ = {isa = PBXBuildFile; fileRef = 582E7D951B109B3100AB76A2 /* AutocomTableViewCell.swift */; };
		582E7D9C1B10A7CD00AB76A2 /* search_bar.png in Resources */ = {isa = PBXBuildFile; fileRef = 582E7D9B1B10A7CD00AB76A2 /* search_bar.png */; };
		582E7D9E1B10BCA500AB76A2 /* facebook_btn_bg.png in Resources */ = {isa = PBXBuildFile; fileRef = 582E7D9D1B10BCA500AB76A2 /* facebook_btn_bg.png */; };
		582E7DA01B10D5F200AB76A2 /* next-96.png in Resources */ = {isa = PBXBuildFile; fileRef = 582E7D9F1B10D5F200AB76A2 /* next-96.png */; };
		5853A7EA1B0F44560068C6DF /* ScrollPager.swift in Sources */ = {isa = PBXBuildFile; fileRef = 5853A7E91B0F44560068C6DF /* ScrollPager.swift */; };
		586D166A1B0B65AF00C5147F /* MMSparkDrawerVisualStateManager.swift in Sources */ = {isa = PBXBuildFile; fileRef = 586D16691B0B65AF00C5147F /* MMSparkDrawerVisualStateManager.swift */; };
		586D166E1B0B972400C5147F /* StartupViewController.swift in Sources */ = {isa = PBXBuildFile; fileRef = 586D166D1B0B972400C5147F /* StartupViewController.swift */; };
		5878379E1B43D977008DF480 /* ic_hq_on.png in Resources */ = {isa = PBXBuildFile; fileRef = 5878379C1B43D977008DF480 /* ic_hq_on.png */; };
		587837A01B43E6F8008DF480 /* ic_hq_off.png in Resources */ = {isa = PBXBuildFile; fileRef = 5878379F1B43E6F8008DF480 /* ic_hq_off.png */; };
		587837A41B4402D0008DF480 /* Reachability.m in Sources */ = {isa = PBXBuildFile; fileRef = 587837A31B4402D0008DF480 /* Reachability.m */; };
		587837E41B451DE7008DF480 /* JavaScriptCore.framework in Frameworks */ = {isa = PBXBuildFile; fileRef = 587837E31B451DE7008DF480 /* JavaScriptCore.framework */; };
		587837E81B45C66E008DF480 /* libXCDYouTubeKit.a in Frameworks */ = {isa = PBXBuildFile; fileRef = 587837E71B45C66E008DF480 /* libXCDYouTubeKit.a */; };
		587CDD221B0E4EC100D23CCC /* CopyrightViewController.swift in Sources */ = {isa = PBXBuildFile; fileRef = 587CDD211B0E4EC100D23CCC /* CopyrightViewController.swift */; };
		587CDD241B0E4FA900D23CCC /* copyright.html in Resources */ = {isa = PBXBuildFile; fileRef = 587CDD231B0E4FA900D23CCC /* copyright.html */; };
		588693761B13B4ED00566124 /* libGoogleAnalyticsServices.a in Frameworks */ = {isa = PBXBuildFile; fileRef = 588693751B13B4ED00566124 /* libGoogleAnalyticsServices.a */; };
		588693981B13B51300566124 /* LICENSE in Resources */ = {isa = PBXBuildFile; fileRef = 588693781B13B51300566124 /* LICENSE */; };
		588693991B13B51300566124 /* README.md in Sources */ = {isa = PBXBuildFile; fileRef = 588693791B13B51300566124 /* README.md */; };
		5886939A1B13B51300566124 /* NSData+ImageContentType.m in Sources */ = {isa = PBXBuildFile; fileRef = 5886937C1B13B51300566124 /* NSData+ImageContentType.m */; };
		5886939B1B13B51300566124 /* SDImageCache.m in Sources */ = {isa = PBXBuildFile; fileRef = 5886937E1B13B51300566124 /* SDImageCache.m */; };
		5886939C1B13B51300566124 /* SDWebImageCompat.m in Sources */ = {isa = PBXBuildFile; fileRef = 588693801B13B51300566124 /* SDWebImageCompat.m */; };
		5886939D1B13B51300566124 /* SDWebImageDecoder.m in Sources */ = {isa = PBXBuildFile; fileRef = 588693821B13B51300566124 /* SDWebImageDecoder.m */; };
		5886939E1B13B51300566124 /* SDWebImageDownloader.m in Sources */ = {isa = PBXBuildFile; fileRef = 588693841B13B51300566124 /* SDWebImageDownloader.m */; };
		5886939F1B13B51300566124 /* SDWebImageDownloaderOperation.m in Sources */ = {isa = PBXBuildFile; fileRef = 588693861B13B51300566124 /* SDWebImageDownloaderOperation.m */; };
		588693A01B13B51300566124 /* SDWebImageManager.m in Sources */ = {isa = PBXBuildFile; fileRef = 588693881B13B51300566124 /* SDWebImageManager.m */; };
		588693A11B13B51300566124 /* SDWebImagePrefetcher.m in Sources */ = {isa = PBXBuildFile; fileRef = 5886938B1B13B51300566124 /* SDWebImagePrefetcher.m */; };
		588693A21B13B51300566124 /* UIButton+WebCache.m in Sources */ = {isa = PBXBuildFile; fileRef = 5886938D1B13B51300566124 /* UIButton+WebCache.m */; };
		588693A31B13B51300566124 /* UIImage+GIF.m in Sources */ = {isa = PBXBuildFile; fileRef = 5886938F1B13B51300566124 /* UIImage+GIF.m */; };
		588693A41B13B51300566124 /* UIImage+MultiFormat.m in Sources */ = {isa = PBXBuildFile; fileRef = 588693911B13B51300566124 /* UIImage+MultiFormat.m */; };
		588693A51B13B51300566124 /* UIImageView+HighlightedWebCache.m in Sources */ = {isa = PBXBuildFile; fileRef = 588693931B13B51300566124 /* UIImageView+HighlightedWebCache.m */; };
		588693A61B13B51300566124 /* UIImageView+WebCache.m in Sources */ = {isa = PBXBuildFile; fileRef = 588693951B13B51300566124 /* UIImageView+WebCache.m */; };
		588693A71B13B51300566124 /* UIView+WebCacheOperation.m in Sources */ = {isa = PBXBuildFile; fileRef = 588693971B13B51300566124 /* UIView+WebCacheOperation.m */; };
		588693B81B13B52700566124 /* LICENSE in Resources */ = {isa = PBXBuildFile; fileRef = 588693A91B13B52700566124 /* LICENSE */; };
		588693B91B13B52700566124 /* MMDrawerBarButtonItem.m in Sources */ = {isa = PBXBuildFile; fileRef = 588693AC1B13B52700566124 /* MMDrawerBarButtonItem.m */; };
		588693BA1B13B52700566124 /* MMDrawerController.m in Sources */ = {isa = PBXBuildFile; fileRef = 588693AF1B13B52700566124 /* MMDrawerController.m */; };
		588693BB1B13B52700566124 /* MMDrawerVisualState.m in Sources */ = {isa = PBXBuildFile; fileRef = 588693B11B13B52700566124 /* MMDrawerVisualState.m */; };
		588693BC1B13B52700566124 /* UIViewController+MMDrawerController.m in Sources */ = {isa = PBXBuildFile; fileRef = 588693B31B13B52700566124 /* UIViewController+MMDrawerController.m */; };
		588693BD1B13B52700566124 /* README.md in Sources */ = {isa = PBXBuildFile; fileRef = 588693B41B13B52700566124 /* README.md */; };
		588693BE1B13B52700566124 /* MMDrawerController+Storyboard.m in Sources */ = {isa = PBXBuildFile; fileRef = 588693B71B13B52700566124 /* MMDrawerController+Storyboard.m */; };
		588693C41B13B7A800566124 /* LICENSE in Resources */ = {isa = PBXBuildFile; fileRef = 588693C01B13B7A800566124 /* LICENSE */; };
		588693C51B13B7A800566124 /* MBProgressHUD.m in Sources */ = {isa = PBXBuildFile; fileRef = 588693C21B13B7A800566124 /* MBProgressHUD.m */; };
		588693C61B13B7A800566124 /* README.mdown in Sources */ = {isa = PBXBuildFile; fileRef = 588693C31B13B7A800566124 /* README.mdown */; };
		588693CA1B13C3F600566124 /* Bolts.framework in Frameworks */ = {isa = PBXBuildFile; fileRef = 588693C71B13C3F600566124 /* Bolts.framework */; };
		588693CB1B13C3F600566124 /* FBSDKCoreKit.framework in Frameworks */ = {isa = PBXBuildFile; fileRef = 588693C81B13C3F600566124 /* FBSDKCoreKit.framework */; };
		588693CC1B13C3F600566124 /* FBSDKLoginKit.framework in Frameworks */ = {isa = PBXBuildFile; fileRef = 588693C91B13C3F600566124 /* FBSDKLoginKit.framework */; };
		588693CE1B13C4C500566124 /* Raygun4iOS.framework in Frameworks */ = {isa = PBXBuildFile; fileRef = 588693CD1B13C4C500566124 /* Raygun4iOS.framework */; };
		5890D6121B052B8000AAEAE5 /* LeftSideViewController.swift in Sources */ = {isa = PBXBuildFile; fileRef = 5890D6111B052B8000AAEAE5 /* LeftSideViewController.swift */; };
		5890D6141B0530AE00AAEAE5 /* SideMenuTableViewCell.swift in Sources */ = {isa = PBXBuildFile; fileRef = 5890D6131B0530AE00AAEAE5 /* SideMenuTableViewCell.swift */; };
		5890D6161B0538CD00AAEAE5 /* SearchViewController.swift in Sources */ = {isa = PBXBuildFile; fileRef = 5890D6151B0538CD00AAEAE5 /* SearchViewController.swift */; };
		5890D6181B053F4900AAEAE5 /* SettingsViewController.swift in Sources */ = {isa = PBXBuildFile; fileRef = 5890D6171B053F4900AAEAE5 /* SettingsViewController.swift */; };
		5890D61A1B05484A00AAEAE5 /* CenterViewController.swift in Sources */ = {isa = PBXBuildFile; fileRef = 5890D6191B05484A00AAEAE5 /* CenterViewController.swift */; };
		5890D6281B081C0800AAEAE5 /* AVFoundation.framework in Frameworks */ = {isa = PBXBuildFile; fileRef = 5890D6271B081C0800AAEAE5 /* AVFoundation.framework */; };
		5890D62A1B081C1100AAEAE5 /* MediaPlayer.framework in Frameworks */ = {isa = PBXBuildFile; fileRef = 5890D6291B081C1100AAEAE5 /* MediaPlayer.framework */; };
		5890D6541B081DD200AAEAE5 /* btn_add.png in Resources */ = {isa = PBXBuildFile; fileRef = 5890D62D1B081DD200AAEAE5 /* btn_add.png */; };
		5890D6551B081DD200AAEAE5 /* btn_backward_disabled.png in Resources */ = {isa = PBXBuildFile; fileRef = 5890D62E1B081DD200AAEAE5 /* btn_backward_disabled.png */; };
		5890D6561B081DD200AAEAE5 /* btn_backward_normal.png in Resources */ = {isa = PBXBuildFile; fileRef = 5890D62F1B081DD200AAEAE5 /* btn_backward_normal.png */; };
		5890D6571B081DD200AAEAE5 /* btn_close.png in Resources */ = {isa = PBXBuildFile; fileRef = 5890D6301B081DD200AAEAE5 /* btn_close.png */; };
		5890D6581B081DD200AAEAE5 /* btn_forward_disabled.png in Resources */ = {isa = PBXBuildFile; fileRef = 5890D6311B081DD200AAEAE5 /* btn_forward_disabled.png */; };
		5890D6591B081DD200AAEAE5 /* btn_forward_normal.png in Resources */ = {isa = PBXBuildFile; fileRef = 5890D6321B081DD200AAEAE5 /* btn_forward_normal.png */; };
		5890D65A1B081DD200AAEAE5 /* btn_pause_diabled.png in Resources */ = {isa = PBXBuildFile; fileRef = 5890D6331B081DD200AAEAE5 /* btn_pause_diabled.png */; };
		5890D65B1B081DD200AAEAE5 /* btn_pause_normal.png in Resources */ = {isa = PBXBuildFile; fileRef = 5890D6341B081DD200AAEAE5 /* btn_pause_normal.png */; };
		5890D65C1B081DD200AAEAE5 /* btn_play_disabled.png in Resources */ = {isa = PBXBuildFile; fileRef = 5890D6351B081DD200AAEAE5 /* btn_play_disabled.png */; };
		5890D65D1B081DD200AAEAE5 /* btn_play_normal.png in Resources */ = {isa = PBXBuildFile; fileRef = 5890D6361B081DD200AAEAE5 /* btn_play_normal.png */; };
		5890D65E1B081DD200AAEAE5 /* btn_progress.png in Resources */ = {isa = PBXBuildFile; fileRef = 5890D6371B081DD200AAEAE5 /* btn_progress.png */; };
		5890D65F1B081DD200AAEAE5 /* btn_repeat_disabled.png in Resources */ = {isa = PBXBuildFile; fileRef = 5890D6381B081DD200AAEAE5 /* btn_repeat_disabled.png */; };
		5890D6601B081DD200AAEAE5 /* btn_repeat_normal.png in Resources */ = {isa = PBXBuildFile; fileRef = 5890D6391B081DD200AAEAE5 /* btn_repeat_normal.png */; };
		5890D6611B081DD200AAEAE5 /* btn_repeat_one.png in Resources */ = {isa = PBXBuildFile; fileRef = 5890D63A1B081DD200AAEAE5 /* btn_repeat_one.png */; };
		5890D6621B081DD200AAEAE5 /* btn_shuffle_disabled.png in Resources */ = {isa = PBXBuildFile; fileRef = 5890D63B1B081DD200AAEAE5 /* btn_shuffle_disabled.png */; };
		5890D6631B081DD200AAEAE5 /* btn_shuffle_normal.png in Resources */ = {isa = PBXBuildFile; fileRef = 5890D63C1B081DD200AAEAE5 /* btn_shuffle_normal.png */; };
		5890D6641B081DD200AAEAE5 /* btn_video_disabled.png in Resources */ = {isa = PBXBuildFile; fileRef = 5890D63D1B081DD200AAEAE5 /* btn_video_disabled.png */; };
		5890D6651B081DD200AAEAE5 /* btn_video_normal.png in Resources */ = {isa = PBXBuildFile; fileRef = 5890D63E1B081DD200AAEAE5 /* btn_video_normal.png */; };
		5890D6661B081DD200AAEAE5 /* btn_volume_max.png in Resources */ = {isa = PBXBuildFile; fileRef = 5890D63F1B081DD200AAEAE5 /* btn_volume_max.png */; };
		5890D6671B081DD200AAEAE5 /* btn_volume_mid.png in Resources */ = {isa = PBXBuildFile; fileRef = 5890D6401B081DD200AAEAE5 /* btn_volume_mid.png */; };
		5890D6681B081DD200AAEAE5 /* btn_volume_min.png in Resources */ = {isa = PBXBuildFile; fileRef = 5890D6411B081DD200AAEAE5 /* btn_volume_min.png */; };
		5890D6691B081DD200AAEAE5 /* btn_volume_mute.png in Resources */ = {isa = PBXBuildFile; fileRef = 5890D6421B081DD200AAEAE5 /* btn_volume_mute.png */; };
		5890D66A1B081DD200AAEAE5 /* default_profile.png in Resources */ = {isa = PBXBuildFile; fileRef = 5890D6431B081DD200AAEAE5 /* default_profile.png */; };
		5890D66B1B081DD200AAEAE5 /* default_thumb.png in Resources */ = {isa = PBXBuildFile; fileRef = 5890D6441B081DD200AAEAE5 /* default_thumb.png */; };
		5890D66C1B081DD200AAEAE5 /* ic_bin.png in Resources */ = {isa = PBXBuildFile; fileRef = 5890D6451B081DD200AAEAE5 /* ic_bin.png */; };
		5890D66D1B081DD200AAEAE5 /* ic_cogwheel.png in Resources */ = {isa = PBXBuildFile; fileRef = 5890D6461B081DD200AAEAE5 /* ic_cogwheel.png */; };
		5890D66E1B081DD200AAEAE5 /* ic_down.png in Resources */ = {isa = PBXBuildFile; fileRef = 5890D6471B081DD200AAEAE5 /* ic_down.png */; };
		5890D66F1B081DD200AAEAE5 /* ic_edit_gray.png in Resources */ = {isa = PBXBuildFile; fileRef = 5890D6481B081DD200AAEAE5 /* ic_edit_gray.png */; };
		5890D6701B081DD200AAEAE5 /* ic_edit.png in Resources */ = {isa = PBXBuildFile; fileRef = 5890D6491B081DD200AAEAE5 /* ic_edit.png */; };
		5890D6711B081DD200AAEAE5 /* ic_facebook.png in Resources */ = {isa = PBXBuildFile; fileRef = 5890D64A1B081DD200AAEAE5 /* ic_facebook.png */; };
		5890D6721B081DD200AAEAE5 /* ic_home.png in Resources */ = {isa = PBXBuildFile; fileRef = 5890D64B1B081DD200AAEAE5 /* ic_home.png */; };
		5890D6731B081DD200AAEAE5 /* ic_music_gray.png in Resources */ = {isa = PBXBuildFile; fileRef = 5890D64C1B081DD200AAEAE5 /* ic_music_gray.png */; };
		5890D6741B081DD200AAEAE5 /* ic_ok.png in Resources */ = {isa = PBXBuildFile; fileRef = 5890D64D1B081DD200AAEAE5 /* ic_ok.png */; };
		5890D6751B081DD200AAEAE5 /* ic_option_menu.png in Resources */ = {isa = PBXBuildFile; fileRef = 5890D64E1B081DD200AAEAE5 /* ic_option_menu.png */; };
		5890D6761B081DD200AAEAE5 /* ic_presence_offline.png in Resources */ = {isa = PBXBuildFile; fileRef = 5890D64F1B081DD200AAEAE5 /* ic_presence_offline.png */; };
		5890D6781B081DD200AAEAE5 /* ic_up.png in Resources */ = {isa = PBXBuildFile; fileRef = 5890D6511B081DD200AAEAE5 /* ic_up.png */; };
		5890D6791B081DD200AAEAE5 /* logo.png in Resources */ = {isa = PBXBuildFile; fileRef = 5890D6521B081DD200AAEAE5 /* logo.png */; };
		5890D67A1B081DD200AAEAE5 /* play_thumbnail.png in Resources */ = {isa = PBXBuildFile; fileRef = 5890D6531B081DD200AAEAE5 /* play_thumbnail.png */; };
		5890D67E1B081EE400AAEAE5 /* glyphicons_playlist.png in Resources */ = {isa = PBXBuildFile; fileRef = 5890D67B1B081EE400AAEAE5 /* glyphicons_playlist.png */; };
		5890D67F1B081EE400AAEAE5 /* glyphicons_share.png in Resources */ = {isa = PBXBuildFile; fileRef = 5890D67C1B081EE400AAEAE5 /* glyphicons_share.png */; };
		5890D6801B081EE400AAEAE5 /* glyphicons_show_thumbnails.png in Resources */ = {isa = PBXBuildFile; fileRef = 5890D67D1B081EE400AAEAE5 /* glyphicons_show_thumbnails.png */; };
		58BB0ADC1B12211E00B07279 /* SwiftyJSON.swift in Sources */ = {isa = PBXBuildFile; fileRef = 58BB0ADB1B12211E00B07279 /* SwiftyJSON.swift */; };
		58BB0AE61B12222C00B07279 /* Alamofire.swift in Sources */ = {isa = PBXBuildFile; fileRef = 58BB0ADE1B12222B00B07279 /* Alamofire.swift */; };
		58BB0AE71B12222C00B07279 /* Download.swift in Sources */ = {isa = PBXBuildFile; fileRef = 58BB0ADF1B12222B00B07279 /* Download.swift */; };
		58BB0AE81B12222C00B07279 /* Manager.swift in Sources */ = {isa = PBXBuildFile; fileRef = 58BB0AE01B12222B00B07279 /* Manager.swift */; };
		58BB0AE91B12222C00B07279 /* ParameterEncoding.swift in Sources */ = {isa = PBXBuildFile; fileRef = 58BB0AE11B12222B00B07279 /* ParameterEncoding.swift */; };
		58BB0AEA1B12222C00B07279 /* Request.swift in Sources */ = {isa = PBXBuildFile; fileRef = 58BB0AE21B12222B00B07279 /* Request.swift */; };
		58BB0AEB1B12222C00B07279 /* ResponseSerialization.swift in Sources */ = {isa = PBXBuildFile; fileRef = 58BB0AE31B12222B00B07279 /* ResponseSerialization.swift */; };
		58BB0AEC1B12222C00B07279 /* Upload.swift in Sources */ = {isa = PBXBuildFile; fileRef = 58BB0AE41B12222B00B07279 /* Upload.swift */; };
		58BB0AED1B12222C00B07279 /* Validation.swift in Sources */ = {isa = PBXBuildFile; fileRef = 58BB0AE51B12222C00B07279 /* Validation.swift */; };
		58BB0AF21B122A6300B07279 /* CoreData.framework in Frameworks */ = {isa = PBXBuildFile; fileRef = 58BB0AF11B122A6300B07279 /* CoreData.framework */; };
		58BB0AF41B122A6D00B07279 /* SystemConfiguration.framework in Frameworks */ = {isa = PBXBuildFile; fileRef = 58BB0AF31B122A6D00B07279 /* SystemConfiguration.framework */; };
		58BB0AF61B122A7900B07279 /* libz.dylib in Frameworks */ = {isa = PBXBuildFile; fileRef = 58BB0AF51B122A7900B07279 /* libz.dylib */; };
		58BB0AF81B122A8600B07279 /* libsqlite3.dylib in Frameworks */ = {isa = PBXBuildFile; fileRef = 58BB0AF71B122A8600B07279 /* libsqlite3.dylib */; };
		58BB0B161B12308000B07279 /* BaseViewController.swift in Sources */ = {isa = PBXBuildFile; fileRef = 58BB0B151B12308000B07279 /* BaseViewController.swift */; };
		58CDE2EC1B119BFD009C8AA2 /* logo_512x512.png in Resources */ = {isa = PBXBuildFile; fileRef = 58CDE2EB1B119BFD009C8AA2 /* logo_512x512.png */; };
		58CF0C341B10E12900AD4BF0 /* settings-100-hi.png in Resources */ = {isa = PBXBuildFile; fileRef = 58CF0C311B10E12900AD4BF0 /* settings-100-hi.png */; };
		58CF0C351B10E12900AD4BF0 /* search-100-hi.png in Resources */ = {isa = PBXBuildFile; fileRef = 58CF0C321B10E12900AD4BF0 /* search-100-hi.png */; };
		58CF0C361B10E12900AD4BF0 /* home-100-hi.png in Resources */ = {isa = PBXBuildFile; fileRef = 58CF0C331B10E12900AD4BF0 /* home-100-hi.png */; };
		58CF0C381B11025500AD4BF0 /* empty.png in Resources */ = {isa = PBXBuildFile; fileRef = 58CF0C371B11025500AD4BF0 /* empty.png */; };
		58CF0C3A1B1109D100AD4BF0 /* SparkSlider.swift in Sources */ = {isa = PBXBuildFile; fileRef = 58CF0C391B1109D100AD4BF0 /* SparkSlider.swift */; };
		58CF0C3F1B110CF500AD4BF0 /* slider_min.png in Resources */ = {isa = PBXBuildFile; fileRef = 58CF0C3C1B110CF500AD4BF0 /* slider_min.png */; };
		58CF0C401B110CF500AD4BF0 /* slider_max.png in Resources */ = {isa = PBXBuildFile; fileRef = 58CF0C3D1B110CF500AD4BF0 /* slider_max.png */; };
		58CF0C441B110E2200AD4BF0 /* slider_thumb.png in Resources */ = {isa = PBXBuildFile; fileRef = 58CF0C431B110E2200AD4BF0 /* slider_thumb.png */; };
		58D3EBDC1B0BAAD4000C6374 /* BaseContentViewController.swift in Sources */ = {isa = PBXBuildFile; fileRef = 58D3EBDB1B0BAAD4000C6374 /* BaseContentViewController.swift */; };
		58D3EBDE1B0BBC00000C6374 /* AddableTrackTableViewCell.swift in Sources */ = {isa = PBXBuildFile; fileRef = 58D3EBDD1B0BBC00000C6374 /* AddableTrackTableViewCell.swift */; };
		58EAB3DD1B0D0BB00075304E /* PlaylistSelectTableViewCell.swift in Sources */ = {isa = PBXBuildFile; fileRef = 58EAB3DC1B0D0BB00075304E /* PlaylistSelectTableViewCell.swift */; };
		58EAB3DF1B0D11110075304E /* Utils.swift in Sources */ = {isa = PBXBuildFile; fileRef = 58EAB3DE1B0D11110075304E /* Utils.swift */; };
		FC0D9D551B09A70300E048CC /* PlayerContext.swift in Sources */ = {isa = PBXBuildFile; fileRef = FC0D9D541B09A70300E048CC /* PlayerContext.swift */; };
		FC0D9D571B09F4F500E048CC /* Stream.swift in Sources */ = {isa = PBXBuildFile; fileRef = FC0D9D561B09F4F500E048CC /* Stream.swift */; };
		FC0D9D591B0CC4DE00E048CC /* Constants.swift in Sources */ = {isa = PBXBuildFile; fileRef = FC0D9D581B0CC4DE00E048CC /* Constants.swift */; };
		FC766BEF1B050D51006FD4FB /* NetworkPath.swift in Sources */ = {isa = PBXBuildFile; fileRef = FC766BEE1B050D51006FD4FB /* NetworkPath.swift */; };
		FC766BF51B051AA4006FD4FB /* NetworkRequests.swift in Sources */ = {isa = PBXBuildFile; fileRef = FC766BF41B051AA4006FD4FB /* NetworkRequests.swift */; };
		FCCAFE601B08BF920027F9D4 /* Models.swift in Sources */ = {isa = PBXBuildFile; fileRef = FCCAFE5F1B08BF920027F9D4 /* Models.swift */; };
		FCD1DA881B04CCB200F9EA70 /* AppDelegate.swift in Sources */ = {isa = PBXBuildFile; fileRef = FCD1DA871B04CCB200F9EA70 /* AppDelegate.swift */; };
		FCD1DA8D1B04CCB200F9EA70 /* Main.storyboard in Resources */ = {isa = PBXBuildFile; fileRef = FCD1DA8B1B04CCB200F9EA70 /* Main.storyboard */; };
		FCD1DA8F1B04CCB200F9EA70 /* Images.xcassets in Resources */ = {isa = PBXBuildFile; fileRef = FCD1DA8E1B04CCB200F9EA70 /* Images.xcassets */; };
		FCD1DA921B04CCB200F9EA70 /* LaunchScreen.xib in Resources */ = {isa = PBXBuildFile; fileRef = FCD1DA901B04CCB200F9EA70 /* LaunchScreen.xib */; };
		FCD1DA9E1B04CCB200F9EA70 /* labsTests.swift in Sources */ = {isa = PBXBuildFile; fileRef = FCD1DA9D1B04CCB200F9EA70 /* labsTests.swift */; };
/* End PBXBuildFile section */

/* Begin PBXContainerItemProxy section */
		FCD1DA981B04CCB200F9EA70 /* PBXContainerItemProxy */ = {
			isa = PBXContainerItemProxy;
			containerPortal = FCD1DA7A1B04CCB200F9EA70 /* Project object */;
			proxyType = 1;
			remoteGlobalIDString = FCD1DA811B04CCB200F9EA70;
			remoteInfo = labs;
		};
/* End PBXContainerItemProxy section */

/* Begin PBXFileReference section */
		580621321B08CBAA009012D5 /* FeedViewController.swift */ = {isa = PBXFileReference; fileEncoding = 4; lastKnownFileType = sourcecode.swift; path = FeedViewController.swift; sourceTree = "<group>"; };
		5813390C1B12F9F300509879 /* default_artwork.png */ = {isa = PBXFileReference; lastKnownFileType = image.png; path = default_artwork.png; sourceTree = "<group>"; };
		581D4C9D1B09FA120036BEBF /* PlaylistViewController.swift */ = {isa = PBXFileReference; fileEncoding = 4; lastKnownFileType = sourcecode.swift; path = PlaylistViewController.swift; sourceTree = "<group>"; };
		581D4C9F1B0A0CCF0036BEBF /* PlaylistTableViewCell.swift */ = {isa = PBXFileReference; fileEncoding = 4; lastKnownFileType = sourcecode.swift; path = PlaylistTableViewCell.swift; sourceTree = "<group>"; };
		582709F61B0A8605003C44DA /* KeychainItemWrapper.swift */ = {isa = PBXFileReference; fileEncoding = 4; lastKnownFileType = sourcecode.swift; path = KeychainItemWrapper.swift; sourceTree = "<group>"; };
		582AFA1D1B09200B001ADEED /* SigninViewController.swift */ = {isa = PBXFileReference; fileEncoding = 4; lastKnownFileType = sourcecode.swift; path = SigninViewController.swift; sourceTree = "<group>"; };
		582E7D831B0F8F0700AB76A2 /* ic_search.png */ = {isa = PBXFileReference; lastKnownFileType = image.png; path = ic_search.png; sourceTree = "<group>"; };
		582E7D851B0F9A2D00AB76A2 /* QuartzCore.framework */ = {isa = PBXFileReference; lastKnownFileType = wrapper.framework; name = QuartzCore.framework; path = System/Library/Frameworks/QuartzCore.framework; sourceTree = SDKROOT; };
		582E7D871B107F6100AB76A2 /* settings-100.png */ = {isa = PBXFileReference; lastKnownFileType = image.png; path = "settings-100.png"; sourceTree = "<group>"; };
		582E7D881B107F6100AB76A2 /* search-100.png */ = {isa = PBXFileReference; lastKnownFileType = image.png; path = "search-100.png"; sourceTree = "<group>"; };
		582E7D891B107F6100AB76A2 /* home-100.png */ = {isa = PBXFileReference; lastKnownFileType = image.png; path = "home-100.png"; sourceTree = "<group>"; };
		582E7D8A1B107F6100AB76A2 /* menu-100.png */ = {isa = PBXFileReference; lastKnownFileType = image.png; path = "menu-100.png"; sourceTree = "<group>"; };
		582E7D8B1B107F6100AB76A2 /* cancel-100.png */ = {isa = PBXFileReference; lastKnownFileType = image.png; path = "cancel-100.png"; sourceTree = "<group>"; };
		582E7D8C1B107F6100AB76A2 /* checkmark-100.png */ = {isa = PBXFileReference; lastKnownFileType = image.png; path = "checkmark-100.png"; sourceTree = "<group>"; };
		582E7D931B108AC200AB76A2 /* plus-96.png */ = {isa = PBXFileReference; lastKnownFileType = image.png; path = "plus-96.png"; sourceTree = "<group>"; };
		582E7D951B109B3100AB76A2 /* AutocomTableViewCell.swift */ = {isa = PBXFileReference; fileEncoding = 4; lastKnownFileType = sourcecode.swift; path = AutocomTableViewCell.swift; sourceTree = "<group>"; };
		582E7D9B1B10A7CD00AB76A2 /* search_bar.png */ = {isa = PBXFileReference; lastKnownFileType = image.png; path = search_bar.png; sourceTree = "<group>"; };
		582E7D9D1B10BCA500AB76A2 /* facebook_btn_bg.png */ = {isa = PBXFileReference; lastKnownFileType = image.png; path = facebook_btn_bg.png; sourceTree = "<group>"; };
		582E7D9F1B10D5F200AB76A2 /* next-96.png */ = {isa = PBXFileReference; lastKnownFileType = image.png; path = "next-96.png"; sourceTree = "<group>"; };
		5853A7E91B0F44560068C6DF /* ScrollPager.swift */ = {isa = PBXFileReference; fileEncoding = 4; lastKnownFileType = sourcecode.swift; path = ScrollPager.swift; sourceTree = "<group>"; };
		586D16691B0B65AF00C5147F /* MMSparkDrawerVisualStateManager.swift */ = {isa = PBXFileReference; fileEncoding = 4; lastKnownFileType = sourcecode.swift; name = MMSparkDrawerVisualStateManager.swift; path = MMDrawerController/MMSparkDrawerVisualStateManager.swift; sourceTree = "<group>"; };
		586D166D1B0B972400C5147F /* StartupViewController.swift */ = {isa = PBXFileReference; fileEncoding = 4; lastKnownFileType = sourcecode.swift; path = StartupViewController.swift; sourceTree = "<group>"; };
		5878379C1B43D977008DF480 /* ic_hq_on.png */ = {isa = PBXFileReference; lastKnownFileType = image.png; path = ic_hq_on.png; sourceTree = "<group>"; };
		5878379F1B43E6F8008DF480 /* ic_hq_off.png */ = {isa = PBXFileReference; lastKnownFileType = image.png; path = ic_hq_off.png; sourceTree = "<group>"; };
		587837A21B4402D0008DF480 /* Reachability.h */ = {isa = PBXFileReference; fileEncoding = 4; lastKnownFileType = sourcecode.c.h; name = Reachability.h; path = Libraries/Reachability/Reachability.h; sourceTree = SOURCE_ROOT; };
		587837A31B4402D0008DF480 /* Reachability.m */ = {isa = PBXFileReference; fileEncoding = 4; lastKnownFileType = sourcecode.c.objc; name = Reachability.m; path = Libraries/Reachability/Reachability.m; sourceTree = SOURCE_ROOT; };
		587837E31B451DE7008DF480 /* JavaScriptCore.framework */ = {isa = PBXFileReference; lastKnownFileType = wrapper.framework; name = JavaScriptCore.framework; path = System/Library/Frameworks/JavaScriptCore.framework; sourceTree = SDKROOT; };
		587837E71B45C66E008DF480 /* libXCDYouTubeKit.a */ = {isa = PBXFileReference; lastKnownFileType = archive.ar; name = libXCDYouTubeKit.a; path = "../../../../Library/Developer/Xcode/DerivedData/labsWorkspace-enlawibbbrwbfxaarobsinbrlhgb/Build/Products/Debug-iphoneos/libXCDYouTubeKit.a"; sourceTree = "<group>"; };
		587CDD211B0E4EC100D23CCC /* CopyrightViewController.swift */ = {isa = PBXFileReference; fileEncoding = 4; lastKnownFileType = sourcecode.swift; path = CopyrightViewController.swift; sourceTree = "<group>"; };
		587CDD231B0E4FA900D23CCC /* copyright.html */ = {isa = PBXFileReference; fileEncoding = 4; lastKnownFileType = text.html; path = copyright.html; sourceTree = "<group>"; };
		588693751B13B4ED00566124 /* libGoogleAnalyticsServices.a */ = {isa = PBXFileReference; lastKnownFileType = archive.ar; name = libGoogleAnalyticsServices.a; path = Libraries/GA/libGoogleAnalyticsServices.a; sourceTree = "<group>"; };
		588693781B13B51300566124 /* LICENSE */ = {isa = PBXFileReference; fileEncoding = 4; lastKnownFileType = text; path = LICENSE; sourceTree = "<group>"; };
		588693791B13B51300566124 /* README.md */ = {isa = PBXFileReference; fileEncoding = 4; lastKnownFileType = net.daringfireball.markdown; path = README.md; sourceTree = "<group>"; };
		5886937B1B13B51300566124 /* NSData+ImageContentType.h */ = {isa = PBXFileReference; fileEncoding = 4; lastKnownFileType = sourcecode.c.h; path = "NSData+ImageContentType.h"; sourceTree = "<group>"; };
		5886937C1B13B51300566124 /* NSData+ImageContentType.m */ = {isa = PBXFileReference; fileEncoding = 4; lastKnownFileType = sourcecode.c.objc; path = "NSData+ImageContentType.m"; sourceTree = "<group>"; };
		5886937D1B13B51300566124 /* SDImageCache.h */ = {isa = PBXFileReference; fileEncoding = 4; lastKnownFileType = sourcecode.c.h; path = SDImageCache.h; sourceTree = "<group>"; };
		5886937E1B13B51300566124 /* SDImageCache.m */ = {isa = PBXFileReference; fileEncoding = 4; lastKnownFileType = sourcecode.c.objc; path = SDImageCache.m; sourceTree = "<group>"; };
		5886937F1B13B51300566124 /* SDWebImageCompat.h */ = {isa = PBXFileReference; fileEncoding = 4; lastKnownFileType = sourcecode.c.h; path = SDWebImageCompat.h; sourceTree = "<group>"; };
		588693801B13B51300566124 /* SDWebImageCompat.m */ = {isa = PBXFileReference; fileEncoding = 4; lastKnownFileType = sourcecode.c.objc; path = SDWebImageCompat.m; sourceTree = "<group>"; };
		588693811B13B51300566124 /* SDWebImageDecoder.h */ = {isa = PBXFileReference; fileEncoding = 4; lastKnownFileType = sourcecode.c.h; path = SDWebImageDecoder.h; sourceTree = "<group>"; };
		588693821B13B51300566124 /* SDWebImageDecoder.m */ = {isa = PBXFileReference; fileEncoding = 4; lastKnownFileType = sourcecode.c.objc; path = SDWebImageDecoder.m; sourceTree = "<group>"; };
		588693831B13B51300566124 /* SDWebImageDownloader.h */ = {isa = PBXFileReference; fileEncoding = 4; lastKnownFileType = sourcecode.c.h; path = SDWebImageDownloader.h; sourceTree = "<group>"; };
		588693841B13B51300566124 /* SDWebImageDownloader.m */ = {isa = PBXFileReference; fileEncoding = 4; lastKnownFileType = sourcecode.c.objc; path = SDWebImageDownloader.m; sourceTree = "<group>"; };
		588693851B13B51300566124 /* SDWebImageDownloaderOperation.h */ = {isa = PBXFileReference; fileEncoding = 4; lastKnownFileType = sourcecode.c.h; path = SDWebImageDownloaderOperation.h; sourceTree = "<group>"; };
		588693861B13B51300566124 /* SDWebImageDownloaderOperation.m */ = {isa = PBXFileReference; fileEncoding = 4; lastKnownFileType = sourcecode.c.objc; path = SDWebImageDownloaderOperation.m; sourceTree = "<group>"; };
		588693871B13B51300566124 /* SDWebImageManager.h */ = {isa = PBXFileReference; fileEncoding = 4; lastKnownFileType = sourcecode.c.h; path = SDWebImageManager.h; sourceTree = "<group>"; };
		588693881B13B51300566124 /* SDWebImageManager.m */ = {isa = PBXFileReference; fileEncoding = 4; lastKnownFileType = sourcecode.c.objc; path = SDWebImageManager.m; sourceTree = "<group>"; };
		588693891B13B51300566124 /* SDWebImageOperation.h */ = {isa = PBXFileReference; fileEncoding = 4; lastKnownFileType = sourcecode.c.h; path = SDWebImageOperation.h; sourceTree = "<group>"; };
		5886938A1B13B51300566124 /* SDWebImagePrefetcher.h */ = {isa = PBXFileReference; fileEncoding = 4; lastKnownFileType = sourcecode.c.h; path = SDWebImagePrefetcher.h; sourceTree = "<group>"; };
		5886938B1B13B51300566124 /* SDWebImagePrefetcher.m */ = {isa = PBXFileReference; fileEncoding = 4; lastKnownFileType = sourcecode.c.objc; path = SDWebImagePrefetcher.m; sourceTree = "<group>"; };
		5886938C1B13B51300566124 /* UIButton+WebCache.h */ = {isa = PBXFileReference; fileEncoding = 4; lastKnownFileType = sourcecode.c.h; path = "UIButton+WebCache.h"; sourceTree = "<group>"; };
		5886938D1B13B51300566124 /* UIButton+WebCache.m */ = {isa = PBXFileReference; fileEncoding = 4; lastKnownFileType = sourcecode.c.objc; path = "UIButton+WebCache.m"; sourceTree = "<group>"; };
		5886938E1B13B51300566124 /* UIImage+GIF.h */ = {isa = PBXFileReference; fileEncoding = 4; lastKnownFileType = sourcecode.c.h; path = "UIImage+GIF.h"; sourceTree = "<group>"; };
		5886938F1B13B51300566124 /* UIImage+GIF.m */ = {isa = PBXFileReference; fileEncoding = 4; lastKnownFileType = sourcecode.c.objc; path = "UIImage+GIF.m"; sourceTree = "<group>"; };
		588693901B13B51300566124 /* UIImage+MultiFormat.h */ = {isa = PBXFileReference; fileEncoding = 4; lastKnownFileType = sourcecode.c.h; path = "UIImage+MultiFormat.h"; sourceTree = "<group>"; };
		588693911B13B51300566124 /* UIImage+MultiFormat.m */ = {isa = PBXFileReference; fileEncoding = 4; lastKnownFileType = sourcecode.c.objc; path = "UIImage+MultiFormat.m"; sourceTree = "<group>"; };
		588693921B13B51300566124 /* UIImageView+HighlightedWebCache.h */ = {isa = PBXFileReference; fileEncoding = 4; lastKnownFileType = sourcecode.c.h; path = "UIImageView+HighlightedWebCache.h"; sourceTree = "<group>"; };
		588693931B13B51300566124 /* UIImageView+HighlightedWebCache.m */ = {isa = PBXFileReference; fileEncoding = 4; lastKnownFileType = sourcecode.c.objc; path = "UIImageView+HighlightedWebCache.m"; sourceTree = "<group>"; };
		588693941B13B51300566124 /* UIImageView+WebCache.h */ = {isa = PBXFileReference; fileEncoding = 4; lastKnownFileType = sourcecode.c.h; path = "UIImageView+WebCache.h"; sourceTree = "<group>"; };
		588693951B13B51300566124 /* UIImageView+WebCache.m */ = {isa = PBXFileReference; fileEncoding = 4; lastKnownFileType = sourcecode.c.objc; path = "UIImageView+WebCache.m"; sourceTree = "<group>"; };
		588693961B13B51300566124 /* UIView+WebCacheOperation.h */ = {isa = PBXFileReference; fileEncoding = 4; lastKnownFileType = sourcecode.c.h; path = "UIView+WebCacheOperation.h"; sourceTree = "<group>"; };
		588693971B13B51300566124 /* UIView+WebCacheOperation.m */ = {isa = PBXFileReference; fileEncoding = 4; lastKnownFileType = sourcecode.c.objc; path = "UIView+WebCacheOperation.m"; sourceTree = "<group>"; };
		588693A91B13B52700566124 /* LICENSE */ = {isa = PBXFileReference; fileEncoding = 4; lastKnownFileType = text; path = LICENSE; sourceTree = "<group>"; };
		588693AB1B13B52700566124 /* MMDrawerBarButtonItem.h */ = {isa = PBXFileReference; fileEncoding = 4; lastKnownFileType = sourcecode.c.h; path = MMDrawerBarButtonItem.h; sourceTree = "<group>"; };
		588693AC1B13B52700566124 /* MMDrawerBarButtonItem.m */ = {isa = PBXFileReference; fileEncoding = 4; lastKnownFileType = sourcecode.c.objc; path = MMDrawerBarButtonItem.m; sourceTree = "<group>"; };
		588693AD1B13B52700566124 /* MMDrawerController+Subclass.h */ = {isa = PBXFileReference; fileEncoding = 4; lastKnownFileType = sourcecode.c.h; path = "MMDrawerController+Subclass.h"; sourceTree = "<group>"; };
		588693AE1B13B52700566124 /* MMDrawerController.h */ = {isa = PBXFileReference; fileEncoding = 4; lastKnownFileType = sourcecode.c.h; path = MMDrawerController.h; sourceTree = "<group>"; };
		588693AF1B13B52700566124 /* MMDrawerController.m */ = {isa = PBXFileReference; fileEncoding = 4; lastKnownFileType = sourcecode.c.objc; path = MMDrawerController.m; sourceTree = "<group>"; };
		588693B01B13B52700566124 /* MMDrawerVisualState.h */ = {isa = PBXFileReference; fileEncoding = 4; lastKnownFileType = sourcecode.c.h; path = MMDrawerVisualState.h; sourceTree = "<group>"; };
		588693B11B13B52700566124 /* MMDrawerVisualState.m */ = {isa = PBXFileReference; fileEncoding = 4; lastKnownFileType = sourcecode.c.objc; path = MMDrawerVisualState.m; sourceTree = "<group>"; };
		588693B21B13B52700566124 /* UIViewController+MMDrawerController.h */ = {isa = PBXFileReference; fileEncoding = 4; lastKnownFileType = sourcecode.c.h; path = "UIViewController+MMDrawerController.h"; sourceTree = "<group>"; };
		588693B31B13B52700566124 /* UIViewController+MMDrawerController.m */ = {isa = PBXFileReference; fileEncoding = 4; lastKnownFileType = sourcecode.c.objc; path = "UIViewController+MMDrawerController.m"; sourceTree = "<group>"; };
		588693B41B13B52700566124 /* README.md */ = {isa = PBXFileReference; fileEncoding = 4; lastKnownFileType = net.daringfireball.markdown; path = README.md; sourceTree = "<group>"; };
		588693B61B13B52700566124 /* MMDrawerController+Storyboard.h */ = {isa = PBXFileReference; fileEncoding = 4; lastKnownFileType = sourcecode.c.h; path = "MMDrawerController+Storyboard.h"; sourceTree = "<group>"; };
		588693B71B13B52700566124 /* MMDrawerController+Storyboard.m */ = {isa = PBXFileReference; fileEncoding = 4; lastKnownFileType = sourcecode.c.objc; path = "MMDrawerController+Storyboard.m"; sourceTree = "<group>"; };
		588693C01B13B7A800566124 /* LICENSE */ = {isa = PBXFileReference; fileEncoding = 4; lastKnownFileType = text; path = LICENSE; sourceTree = "<group>"; };
		588693C11B13B7A800566124 /* MBProgressHUD.h */ = {isa = PBXFileReference; fileEncoding = 4; lastKnownFileType = sourcecode.c.h; path = MBProgressHUD.h; sourceTree = "<group>"; };
		588693C21B13B7A800566124 /* MBProgressHUD.m */ = {isa = PBXFileReference; fileEncoding = 4; lastKnownFileType = sourcecode.c.objc; path = MBProgressHUD.m; sourceTree = "<group>"; };
		588693C31B13B7A800566124 /* README.mdown */ = {isa = PBXFileReference; fileEncoding = 4; lastKnownFileType = net.daringfireball.markdown; path = README.mdown; sourceTree = "<group>"; };
		588693C71B13C3F600566124 /* Bolts.framework */ = {isa = PBXFileReference; lastKnownFileType = wrapper.framework; name = Bolts.framework; path = Libraries/Bolts.framework; sourceTree = "<group>"; };
		588693C81B13C3F600566124 /* FBSDKCoreKit.framework */ = {isa = PBXFileReference; lastKnownFileType = wrapper.framework; name = FBSDKCoreKit.framework; path = Libraries/FBSDKCoreKit.framework; sourceTree = "<group>"; };
		588693C91B13C3F600566124 /* FBSDKLoginKit.framework */ = {isa = PBXFileReference; lastKnownFileType = wrapper.framework; name = FBSDKLoginKit.framework; path = Libraries/FBSDKLoginKit.framework; sourceTree = "<group>"; };
		588693CD1B13C4C500566124 /* Raygun4iOS.framework */ = {isa = PBXFileReference; lastKnownFileType = wrapper.framework; name = Raygun4iOS.framework; path = Libraries/Raygun4iOS/Raygun4iOS.framework; sourceTree = "<group>"; };
		5890D6111B052B8000AAEAE5 /* LeftSideViewController.swift */ = {isa = PBXFileReference; fileEncoding = 4; lastKnownFileType = sourcecode.swift; path = LeftSideViewController.swift; sourceTree = "<group>"; };
		5890D6131B0530AE00AAEAE5 /* SideMenuTableViewCell.swift */ = {isa = PBXFileReference; fileEncoding = 4; lastKnownFileType = sourcecode.swift; path = SideMenuTableViewCell.swift; sourceTree = "<group>"; };
		5890D6151B0538CD00AAEAE5 /* SearchViewController.swift */ = {isa = PBXFileReference; fileEncoding = 4; lastKnownFileType = sourcecode.swift; path = SearchViewController.swift; sourceTree = "<group>"; };
		5890D6171B053F4900AAEAE5 /* SettingsViewController.swift */ = {isa = PBXFileReference; fileEncoding = 4; lastKnownFileType = sourcecode.swift; path = SettingsViewController.swift; sourceTree = "<group>"; };
		5890D6191B05484A00AAEAE5 /* CenterViewController.swift */ = {isa = PBXFileReference; fileEncoding = 4; lastKnownFileType = sourcecode.swift; path = CenterViewController.swift; sourceTree = "<group>"; };
		5890D6271B081C0800AAEAE5 /* AVFoundation.framework */ = {isa = PBXFileReference; lastKnownFileType = wrapper.framework; name = AVFoundation.framework; path = System/Library/Frameworks/AVFoundation.framework; sourceTree = SDKROOT; };
		5890D6291B081C1100AAEAE5 /* MediaPlayer.framework */ = {isa = PBXFileReference; lastKnownFileType = wrapper.framework; name = MediaPlayer.framework; path = System/Library/Frameworks/MediaPlayer.framework; sourceTree = SDKROOT; };
		5890D62D1B081DD200AAEAE5 /* btn_add.png */ = {isa = PBXFileReference; lastKnownFileType = image.png; path = btn_add.png; sourceTree = "<group>"; };
		5890D62E1B081DD200AAEAE5 /* btn_backward_disabled.png */ = {isa = PBXFileReference; lastKnownFileType = image.png; path = btn_backward_disabled.png; sourceTree = "<group>"; };
		5890D62F1B081DD200AAEAE5 /* btn_backward_normal.png */ = {isa = PBXFileReference; lastKnownFileType = image.png; path = btn_backward_normal.png; sourceTree = "<group>"; };
		5890D6301B081DD200AAEAE5 /* btn_close.png */ = {isa = PBXFileReference; lastKnownFileType = image.png; path = btn_close.png; sourceTree = "<group>"; };
		5890D6311B081DD200AAEAE5 /* btn_forward_disabled.png */ = {isa = PBXFileReference; lastKnownFileType = image.png; path = btn_forward_disabled.png; sourceTree = "<group>"; };
		5890D6321B081DD200AAEAE5 /* btn_forward_normal.png */ = {isa = PBXFileReference; lastKnownFileType = image.png; path = btn_forward_normal.png; sourceTree = "<group>"; };
		5890D6331B081DD200AAEAE5 /* btn_pause_diabled.png */ = {isa = PBXFileReference; lastKnownFileType = image.png; path = btn_pause_diabled.png; sourceTree = "<group>"; };
		5890D6341B081DD200AAEAE5 /* btn_pause_normal.png */ = {isa = PBXFileReference; lastKnownFileType = image.png; path = btn_pause_normal.png; sourceTree = "<group>"; };
		5890D6351B081DD200AAEAE5 /* btn_play_disabled.png */ = {isa = PBXFileReference; lastKnownFileType = image.png; path = btn_play_disabled.png; sourceTree = "<group>"; };
		5890D6361B081DD200AAEAE5 /* btn_play_normal.png */ = {isa = PBXFileReference; lastKnownFileType = image.png; path = btn_play_normal.png; sourceTree = "<group>"; };
		5890D6371B081DD200AAEAE5 /* btn_progress.png */ = {isa = PBXFileReference; lastKnownFileType = image.png; path = btn_progress.png; sourceTree = "<group>"; };
		5890D6381B081DD200AAEAE5 /* btn_repeat_disabled.png */ = {isa = PBXFileReference; lastKnownFileType = image.png; path = btn_repeat_disabled.png; sourceTree = "<group>"; };
		5890D6391B081DD200AAEAE5 /* btn_repeat_normal.png */ = {isa = PBXFileReference; lastKnownFileType = image.png; path = btn_repeat_normal.png; sourceTree = "<group>"; };
		5890D63A1B081DD200AAEAE5 /* btn_repeat_one.png */ = {isa = PBXFileReference; lastKnownFileType = image.png; path = btn_repeat_one.png; sourceTree = "<group>"; };
		5890D63B1B081DD200AAEAE5 /* btn_shuffle_disabled.png */ = {isa = PBXFileReference; lastKnownFileType = image.png; path = btn_shuffle_disabled.png; sourceTree = "<group>"; };
		5890D63C1B081DD200AAEAE5 /* btn_shuffle_normal.png */ = {isa = PBXFileReference; lastKnownFileType = image.png; path = btn_shuffle_normal.png; sourceTree = "<group>"; };
		5890D63D1B081DD200AAEAE5 /* btn_video_disabled.png */ = {isa = PBXFileReference; lastKnownFileType = image.png; path = btn_video_disabled.png; sourceTree = "<group>"; };
		5890D63E1B081DD200AAEAE5 /* btn_video_normal.png */ = {isa = PBXFileReference; lastKnownFileType = image.png; path = btn_video_normal.png; sourceTree = "<group>"; };
		5890D63F1B081DD200AAEAE5 /* btn_volume_max.png */ = {isa = PBXFileReference; lastKnownFileType = image.png; path = btn_volume_max.png; sourceTree = "<group>"; };
		5890D6401B081DD200AAEAE5 /* btn_volume_mid.png */ = {isa = PBXFileReference; lastKnownFileType = image.png; path = btn_volume_mid.png; sourceTree = "<group>"; };
		5890D6411B081DD200AAEAE5 /* btn_volume_min.png */ = {isa = PBXFileReference; lastKnownFileType = image.png; path = btn_volume_min.png; sourceTree = "<group>"; };
		5890D6421B081DD200AAEAE5 /* btn_volume_mute.png */ = {isa = PBXFileReference; lastKnownFileType = image.png; path = btn_volume_mute.png; sourceTree = "<group>"; };
		5890D6431B081DD200AAEAE5 /* default_profile.png */ = {isa = PBXFileReference; lastKnownFileType = image.png; path = default_profile.png; sourceTree = "<group>"; };
		5890D6441B081DD200AAEAE5 /* default_thumb.png */ = {isa = PBXFileReference; lastKnownFileType = image.png; path = default_thumb.png; sourceTree = "<group>"; };
		5890D6451B081DD200AAEAE5 /* ic_bin.png */ = {isa = PBXFileReference; lastKnownFileType = image.png; path = ic_bin.png; sourceTree = "<group>"; };
		5890D6461B081DD200AAEAE5 /* ic_cogwheel.png */ = {isa = PBXFileReference; lastKnownFileType = image.png; path = ic_cogwheel.png; sourceTree = "<group>"; };
		5890D6471B081DD200AAEAE5 /* ic_down.png */ = {isa = PBXFileReference; lastKnownFileType = image.png; path = ic_down.png; sourceTree = "<group>"; };
		5890D6481B081DD200AAEAE5 /* ic_edit_gray.png */ = {isa = PBXFileReference; lastKnownFileType = image.png; path = ic_edit_gray.png; sourceTree = "<group>"; };
		5890D6491B081DD200AAEAE5 /* ic_edit.png */ = {isa = PBXFileReference; lastKnownFileType = image.png; path = ic_edit.png; sourceTree = "<group>"; };
		5890D64A1B081DD200AAEAE5 /* ic_facebook.png */ = {isa = PBXFileReference; lastKnownFileType = image.png; path = ic_facebook.png; sourceTree = "<group>"; };
		5890D64B1B081DD200AAEAE5 /* ic_home.png */ = {isa = PBXFileReference; lastKnownFileType = image.png; path = ic_home.png; sourceTree = "<group>"; };
		5890D64C1B081DD200AAEAE5 /* ic_music_gray.png */ = {isa = PBXFileReference; lastKnownFileType = image.png; path = ic_music_gray.png; sourceTree = "<group>"; };
		5890D64D1B081DD200AAEAE5 /* ic_ok.png */ = {isa = PBXFileReference; lastKnownFileType = image.png; path = ic_ok.png; sourceTree = "<group>"; };
		5890D64E1B081DD200AAEAE5 /* ic_option_menu.png */ = {isa = PBXFileReference; lastKnownFileType = image.png; path = ic_option_menu.png; sourceTree = "<group>"; };
		5890D64F1B081DD200AAEAE5 /* ic_presence_offline.png */ = {isa = PBXFileReference; lastKnownFileType = image.png; path = ic_presence_offline.png; sourceTree = "<group>"; };
		5890D6511B081DD200AAEAE5 /* ic_up.png */ = {isa = PBXFileReference; lastKnownFileType = image.png; path = ic_up.png; sourceTree = "<group>"; };
		5890D6521B081DD200AAEAE5 /* logo.png */ = {isa = PBXFileReference; lastKnownFileType = image.png; path = logo.png; sourceTree = "<group>"; };
		5890D6531B081DD200AAEAE5 /* play_thumbnail.png */ = {isa = PBXFileReference; lastKnownFileType = image.png; path = play_thumbnail.png; sourceTree = "<group>"; };
		5890D67B1B081EE400AAEAE5 /* glyphicons_playlist.png */ = {isa = PBXFileReference; lastKnownFileType = image.png; path = glyphicons_playlist.png; sourceTree = "<group>"; };
		5890D67C1B081EE400AAEAE5 /* glyphicons_share.png */ = {isa = PBXFileReference; lastKnownFileType = image.png; path = glyphicons_share.png; sourceTree = "<group>"; };
		5890D67D1B081EE400AAEAE5 /* glyphicons_show_thumbnails.png */ = {isa = PBXFileReference; lastKnownFileType = image.png; path = glyphicons_show_thumbnails.png; sourceTree = "<group>"; };
		58BB0ADB1B12211E00B07279 /* SwiftyJSON.swift */ = {isa = PBXFileReference; fileEncoding = 4; lastKnownFileType = sourcecode.swift; path = SwiftyJSON.swift; sourceTree = "<group>"; };
		58BB0ADE1B12222B00B07279 /* Alamofire.swift */ = {isa = PBXFileReference; fileEncoding = 4; lastKnownFileType = sourcecode.swift; path = Alamofire.swift; sourceTree = "<group>"; };
		58BB0ADF1B12222B00B07279 /* Download.swift */ = {isa = PBXFileReference; fileEncoding = 4; lastKnownFileType = sourcecode.swift; path = Download.swift; sourceTree = "<group>"; };
		58BB0AE01B12222B00B07279 /* Manager.swift */ = {isa = PBXFileReference; fileEncoding = 4; lastKnownFileType = sourcecode.swift; path = Manager.swift; sourceTree = "<group>"; };
		58BB0AE11B12222B00B07279 /* ParameterEncoding.swift */ = {isa = PBXFileReference; fileEncoding = 4; lastKnownFileType = sourcecode.swift; path = ParameterEncoding.swift; sourceTree = "<group>"; };
		58BB0AE21B12222B00B07279 /* Request.swift */ = {isa = PBXFileReference; fileEncoding = 4; lastKnownFileType = sourcecode.swift; path = Request.swift; sourceTree = "<group>"; };
		58BB0AE31B12222B00B07279 /* ResponseSerialization.swift */ = {isa = PBXFileReference; fileEncoding = 4; lastKnownFileType = sourcecode.swift; path = ResponseSerialization.swift; sourceTree = "<group>"; };
		58BB0AE41B12222B00B07279 /* Upload.swift */ = {isa = PBXFileReference; fileEncoding = 4; lastKnownFileType = sourcecode.swift; path = Upload.swift; sourceTree = "<group>"; };
		58BB0AE51B12222C00B07279 /* Validation.swift */ = {isa = PBXFileReference; fileEncoding = 4; lastKnownFileType = sourcecode.swift; path = Validation.swift; sourceTree = "<group>"; };
		58BB0AF11B122A6300B07279 /* CoreData.framework */ = {isa = PBXFileReference; lastKnownFileType = wrapper.framework; name = CoreData.framework; path = System/Library/Frameworks/CoreData.framework; sourceTree = SDKROOT; };
		58BB0AF31B122A6D00B07279 /* SystemConfiguration.framework */ = {isa = PBXFileReference; lastKnownFileType = wrapper.framework; name = SystemConfiguration.framework; path = System/Library/Frameworks/SystemConfiguration.framework; sourceTree = SDKROOT; };
		58BB0AF51B122A7900B07279 /* libz.dylib */ = {isa = PBXFileReference; lastKnownFileType = "compiled.mach-o.dylib"; name = libz.dylib; path = usr/lib/libz.dylib; sourceTree = SDKROOT; };
		58BB0AF71B122A8600B07279 /* libsqlite3.dylib */ = {isa = PBXFileReference; lastKnownFileType = "compiled.mach-o.dylib"; name = libsqlite3.dylib; path = usr/lib/libsqlite3.dylib; sourceTree = SDKROOT; };
		58BB0B071B122D7400B07279 /* GAI.h */ = {isa = PBXFileReference; fileEncoding = 4; lastKnownFileType = sourcecode.c.h; path = GAI.h; sourceTree = "<group>"; };
		58BB0B081B122D7400B07279 /* GAIDictionaryBuilder.h */ = {isa = PBXFileReference; fileEncoding = 4; lastKnownFileType = sourcecode.c.h; path = GAIDictionaryBuilder.h; sourceTree = "<group>"; };
		58BB0B091B122D7400B07279 /* GAIEcommerceFields.h */ = {isa = PBXFileReference; fileEncoding = 4; lastKnownFileType = sourcecode.c.h; path = GAIEcommerceFields.h; sourceTree = "<group>"; };
		58BB0B0A1B122D7400B07279 /* GAIEcommerceProduct.h */ = {isa = PBXFileReference; fileEncoding = 4; lastKnownFileType = sourcecode.c.h; path = GAIEcommerceProduct.h; sourceTree = "<group>"; };
		58BB0B0B1B122D7400B07279 /* GAIEcommerceProductAction.h */ = {isa = PBXFileReference; fileEncoding = 4; lastKnownFileType = sourcecode.c.h; path = GAIEcommerceProductAction.h; sourceTree = "<group>"; };
		58BB0B0C1B122D7400B07279 /* GAIEcommercePromotion.h */ = {isa = PBXFileReference; fileEncoding = 4; lastKnownFileType = sourcecode.c.h; path = GAIEcommercePromotion.h; sourceTree = "<group>"; };
		58BB0B0D1B122D7400B07279 /* GAIFields.h */ = {isa = PBXFileReference; fileEncoding = 4; lastKnownFileType = sourcecode.c.h; path = GAIFields.h; sourceTree = "<group>"; };
		58BB0B0E1B122D7400B07279 /* GAILogger.h */ = {isa = PBXFileReference; fileEncoding = 4; lastKnownFileType = sourcecode.c.h; path = GAILogger.h; sourceTree = "<group>"; };
		58BB0B0F1B122D7400B07279 /* GAITrackedViewController.h */ = {isa = PBXFileReference; fileEncoding = 4; lastKnownFileType = sourcecode.c.h; path = GAITrackedViewController.h; sourceTree = "<group>"; };
		58BB0B101B122D7400B07279 /* GAITracker.h */ = {isa = PBXFileReference; fileEncoding = 4; lastKnownFileType = sourcecode.c.h; path = GAITracker.h; sourceTree = "<group>"; };
		58BB0B121B122DCB00B07279 /* labs-Bridging-Header.h */ = {isa = PBXFileReference; fileEncoding = 4; lastKnownFileType = sourcecode.c.h; path = "labs-Bridging-Header.h"; sourceTree = "<group>"; };
		58BB0B151B12308000B07279 /* BaseViewController.swift */ = {isa = PBXFileReference; fileEncoding = 4; lastKnownFileType = sourcecode.swift; path = BaseViewController.swift; sourceTree = "<group>"; };
		58CDE2EB1B119BFD009C8AA2 /* logo_512x512.png */ = {isa = PBXFileReference; lastKnownFileType = image.png; path = logo_512x512.png; sourceTree = "<group>"; };
		58CF0C311B10E12900AD4BF0 /* settings-100-hi.png */ = {isa = PBXFileReference; lastKnownFileType = image.png; path = "settings-100-hi.png"; sourceTree = "<group>"; };
		58CF0C321B10E12900AD4BF0 /* search-100-hi.png */ = {isa = PBXFileReference; lastKnownFileType = image.png; path = "search-100-hi.png"; sourceTree = "<group>"; };
		58CF0C331B10E12900AD4BF0 /* home-100-hi.png */ = {isa = PBXFileReference; lastKnownFileType = image.png; path = "home-100-hi.png"; sourceTree = "<group>"; };
		58CF0C371B11025500AD4BF0 /* empty.png */ = {isa = PBXFileReference; lastKnownFileType = image.png; path = empty.png; sourceTree = "<group>"; };
		58CF0C391B1109D100AD4BF0 /* SparkSlider.swift */ = {isa = PBXFileReference; fileEncoding = 4; lastKnownFileType = sourcecode.swift; path = SparkSlider.swift; sourceTree = "<group>"; };
		58CF0C3C1B110CF500AD4BF0 /* slider_min.png */ = {isa = PBXFileReference; lastKnownFileType = image.png; path = slider_min.png; sourceTree = "<group>"; };
		58CF0C3D1B110CF500AD4BF0 /* slider_max.png */ = {isa = PBXFileReference; lastKnownFileType = image.png; path = slider_max.png; sourceTree = "<group>"; };
		58CF0C431B110E2200AD4BF0 /* slider_thumb.png */ = {isa = PBXFileReference; lastKnownFileType = image.png; path = slider_thumb.png; sourceTree = "<group>"; };
		58D3EBDB1B0BAAD4000C6374 /* BaseContentViewController.swift */ = {isa = PBXFileReference; fileEncoding = 4; lastKnownFileType = sourcecode.swift; path = BaseContentViewController.swift; sourceTree = "<group>"; };
		58D3EBDD1B0BBC00000C6374 /* AddableTrackTableViewCell.swift */ = {isa = PBXFileReference; fileEncoding = 4; lastKnownFileType = sourcecode.swift; path = AddableTrackTableViewCell.swift; sourceTree = "<group>"; };
		58EAB3DC1B0D0BB00075304E /* PlaylistSelectTableViewCell.swift */ = {isa = PBXFileReference; fileEncoding = 4; lastKnownFileType = sourcecode.swift; path = PlaylistSelectTableViewCell.swift; sourceTree = "<group>"; };
		58EAB3DE1B0D11110075304E /* Utils.swift */ = {isa = PBXFileReference; fileEncoding = 4; lastKnownFileType = sourcecode.swift; path = Utils.swift; sourceTree = "<group>"; };
		FC0D9D541B09A70300E048CC /* PlayerContext.swift */ = {isa = PBXFileReference; fileEncoding = 4; lastKnownFileType = sourcecode.swift; path = PlayerContext.swift; sourceTree = "<group>"; };
		FC0D9D561B09F4F500E048CC /* Stream.swift */ = {isa = PBXFileReference; fileEncoding = 4; lastKnownFileType = sourcecode.swift; path = Stream.swift; sourceTree = "<group>"; };
		FC0D9D581B0CC4DE00E048CC /* Constants.swift */ = {isa = PBXFileReference; fileEncoding = 4; lastKnownFileType = sourcecode.swift; path = Constants.swift; sourceTree = "<group>"; };
		FC766BEE1B050D51006FD4FB /* NetworkPath.swift */ = {isa = PBXFileReference; fileEncoding = 4; lastKnownFileType = sourcecode.swift; path = NetworkPath.swift; sourceTree = "<group>"; };
		FC766BF41B051AA4006FD4FB /* NetworkRequests.swift */ = {isa = PBXFileReference; fileEncoding = 4; lastKnownFileType = sourcecode.swift; path = NetworkRequests.swift; sourceTree = "<group>"; };
		FCCAFE5F1B08BF920027F9D4 /* Models.swift */ = {isa = PBXFileReference; fileEncoding = 4; lastKnownFileType = sourcecode.swift; path = Models.swift; sourceTree = "<group>"; };
		FCD1DA821B04CCB200F9EA70 /* labs.app */ = {isa = PBXFileReference; explicitFileType = wrapper.application; includeInIndex = 0; path = labs.app; sourceTree = BUILT_PRODUCTS_DIR; };
		FCD1DA861B04CCB200F9EA70 /* Info.plist */ = {isa = PBXFileReference; lastKnownFileType = text.plist.xml; path = Info.plist; sourceTree = "<group>"; };
		FCD1DA871B04CCB200F9EA70 /* AppDelegate.swift */ = {isa = PBXFileReference; lastKnownFileType = sourcecode.swift; path = AppDelegate.swift; sourceTree = "<group>"; };
		FCD1DA8C1B04CCB200F9EA70 /* Base */ = {isa = PBXFileReference; lastKnownFileType = file.storyboard; name = Base; path = Base.lproj/Main.storyboard; sourceTree = "<group>"; };
		FCD1DA8E1B04CCB200F9EA70 /* Images.xcassets */ = {isa = PBXFileReference; lastKnownFileType = folder.assetcatalog; path = Images.xcassets; sourceTree = "<group>"; };
		FCD1DA911B04CCB200F9EA70 /* Base */ = {isa = PBXFileReference; lastKnownFileType = file.xib; name = Base; path = Base.lproj/LaunchScreen.xib; sourceTree = "<group>"; };
		FCD1DA971B04CCB200F9EA70 /* labsTests.xctest */ = {isa = PBXFileReference; explicitFileType = wrapper.cfbundle; includeInIndex = 0; path = labsTests.xctest; sourceTree = BUILT_PRODUCTS_DIR; };
		FCD1DA9C1B04CCB200F9EA70 /* Info.plist */ = {isa = PBXFileReference; lastKnownFileType = text.plist.xml; path = Info.plist; sourceTree = "<group>"; };
		FCD1DA9D1B04CCB200F9EA70 /* labsTests.swift */ = {isa = PBXFileReference; lastKnownFileType = sourcecode.swift; path = labsTests.swift; sourceTree = "<group>"; };
/* End PBXFileReference section */

/* Begin PBXFrameworksBuildPhase section */
		FCD1DA7F1B04CCB200F9EA70 /* Frameworks */ = {
			isa = PBXFrameworksBuildPhase;
			buildActionMask = 2147483647;
			files = (
				587837E81B45C66E008DF480 /* libXCDYouTubeKit.a in Frameworks */,
				587837E41B451DE7008DF480 /* JavaScriptCore.framework in Frameworks */,
				588693CE1B13C4C500566124 /* Raygun4iOS.framework in Frameworks */,
				588693CA1B13C3F600566124 /* Bolts.framework in Frameworks */,
				588693CB1B13C3F600566124 /* FBSDKCoreKit.framework in Frameworks */,
				588693CC1B13C3F600566124 /* FBSDKLoginKit.framework in Frameworks */,
				588693761B13B4ED00566124 /* libGoogleAnalyticsServices.a in Frameworks */,
				58BB0AF81B122A8600B07279 /* libsqlite3.dylib in Frameworks */,
				58BB0AF61B122A7900B07279 /* libz.dylib in Frameworks */,
				58BB0AF41B122A6D00B07279 /* SystemConfiguration.framework in Frameworks */,
				58BB0AF21B122A6300B07279 /* CoreData.framework in Frameworks */,
				582E7D861B0F9A2D00AB76A2 /* QuartzCore.framework in Frameworks */,
				5890D62A1B081C1100AAEAE5 /* MediaPlayer.framework in Frameworks */,
				5890D6281B081C0800AAEAE5 /* AVFoundation.framework in Frameworks */,
			);
			runOnlyForDeploymentPostprocessing = 0;
		};
		FCD1DA941B04CCB200F9EA70 /* Frameworks */ = {
			isa = PBXFrameworksBuildPhase;
			buildActionMask = 2147483647;
			files = (
			);
			runOnlyForDeploymentPostprocessing = 0;
		};
/* End PBXFrameworksBuildPhase section */

/* Begin PBXGroup section */
		587837A11B440225008DF480 /* Reachability */ = {
			isa = PBXGroup;
			children = (
				587837A21B4402D0008DF480 /* Reachability.h */,
				587837A31B4402D0008DF480 /* Reachability.m */,
			);
			name = Reachability;
			sourceTree = "<group>";
		};
		588693771B13B51300566124 /* SDWebImage */ = {
			isa = PBXGroup;
			children = (
				588693781B13B51300566124 /* LICENSE */,
				588693791B13B51300566124 /* README.md */,
				5886937A1B13B51300566124 /* SDWebImage */,
			);
			name = SDWebImage;
			path = Libraries/SDWebImage;
			sourceTree = SOURCE_ROOT;
		};
		5886937A1B13B51300566124 /* SDWebImage */ = {
			isa = PBXGroup;
			children = (
				5886937B1B13B51300566124 /* NSData+ImageContentType.h */,
				5886937C1B13B51300566124 /* NSData+ImageContentType.m */,
				5886937D1B13B51300566124 /* SDImageCache.h */,
				5886937E1B13B51300566124 /* SDImageCache.m */,
				5886937F1B13B51300566124 /* SDWebImageCompat.h */,
				588693801B13B51300566124 /* SDWebImageCompat.m */,
				588693811B13B51300566124 /* SDWebImageDecoder.h */,
				588693821B13B51300566124 /* SDWebImageDecoder.m */,
				588693831B13B51300566124 /* SDWebImageDownloader.h */,
				588693841B13B51300566124 /* SDWebImageDownloader.m */,
				588693851B13B51300566124 /* SDWebImageDownloaderOperation.h */,
				588693861B13B51300566124 /* SDWebImageDownloaderOperation.m */,
				588693871B13B51300566124 /* SDWebImageManager.h */,
				588693881B13B51300566124 /* SDWebImageManager.m */,
				588693891B13B51300566124 /* SDWebImageOperation.h */,
				5886938A1B13B51300566124 /* SDWebImagePrefetcher.h */,
				5886938B1B13B51300566124 /* SDWebImagePrefetcher.m */,
				5886938C1B13B51300566124 /* UIButton+WebCache.h */,
				5886938D1B13B51300566124 /* UIButton+WebCache.m */,
				5886938E1B13B51300566124 /* UIImage+GIF.h */,
				5886938F1B13B51300566124 /* UIImage+GIF.m */,
				588693901B13B51300566124 /* UIImage+MultiFormat.h */,
				588693911B13B51300566124 /* UIImage+MultiFormat.m */,
				588693921B13B51300566124 /* UIImageView+HighlightedWebCache.h */,
				588693931B13B51300566124 /* UIImageView+HighlightedWebCache.m */,
				588693941B13B51300566124 /* UIImageView+WebCache.h */,
				588693951B13B51300566124 /* UIImageView+WebCache.m */,
				588693961B13B51300566124 /* UIView+WebCacheOperation.h */,
				588693971B13B51300566124 /* UIView+WebCacheOperation.m */,
			);
			path = SDWebImage;
			sourceTree = "<group>";
		};
		588693A81B13B52700566124 /* MMDrawerController */ = {
			isa = PBXGroup;
			children = (
				588693A91B13B52700566124 /* LICENSE */,
				588693AA1B13B52700566124 /* MMDrawerController */,
				588693B41B13B52700566124 /* README.md */,
			);
			name = MMDrawerController;
			path = Libraries/MMDrawerController;
			sourceTree = SOURCE_ROOT;
		};
		588693AA1B13B52700566124 /* MMDrawerController */ = {
			isa = PBXGroup;
			children = (
				588693AB1B13B52700566124 /* MMDrawerBarButtonItem.h */,
				588693AC1B13B52700566124 /* MMDrawerBarButtonItem.m */,
				588693AD1B13B52700566124 /* MMDrawerController+Subclass.h */,
				588693AE1B13B52700566124 /* MMDrawerController.h */,
				588693AF1B13B52700566124 /* MMDrawerController.m */,
				588693B01B13B52700566124 /* MMDrawerVisualState.h */,
				588693B11B13B52700566124 /* MMDrawerVisualState.m */,
				588693B21B13B52700566124 /* UIViewController+MMDrawerController.h */,
				588693B31B13B52700566124 /* UIViewController+MMDrawerController.m */,
			);
			path = MMDrawerController;
			sourceTree = "<group>";
		};
		588693B51B13B52700566124 /* MMDrawerController-Storyboard */ = {
			isa = PBXGroup;
			children = (
				588693B61B13B52700566124 /* MMDrawerController+Storyboard.h */,
				588693B71B13B52700566124 /* MMDrawerController+Storyboard.m */,
			);
			name = "MMDrawerController-Storyboard";
			path = "Libraries/MMDrawerController-Storyboard";
			sourceTree = SOURCE_ROOT;
		};
		588693BF1B13B7A800566124 /* MBProgressHUD */ = {
			isa = PBXGroup;
			children = (
				588693C01B13B7A800566124 /* LICENSE */,
				588693C11B13B7A800566124 /* MBProgressHUD.h */,
				588693C21B13B7A800566124 /* MBProgressHUD.m */,
				588693C31B13B7A800566124 /* README.mdown */,
			);
			name = MBProgressHUD;
			path = Libraries/MBProgressHUD;
			sourceTree = SOURCE_ROOT;
		};
		5890D62C1B081DB500AAEAE5 /* images */ = {
			isa = PBXGroup;
			children = (
				5878379F1B43E6F8008DF480 /* ic_hq_off.png */,
				5878379C1B43D977008DF480 /* ic_hq_on.png */,
				5813390C1B12F9F300509879 /* default_artwork.png */,
				58CDE2EB1B119BFD009C8AA2 /* logo_512x512.png */,
				58CF0C431B110E2200AD4BF0 /* slider_thumb.png */,
				58CF0C3C1B110CF500AD4BF0 /* slider_min.png */,
				58CF0C3D1B110CF500AD4BF0 /* slider_max.png */,
				58CF0C371B11025500AD4BF0 /* empty.png */,
				58CF0C311B10E12900AD4BF0 /* settings-100-hi.png */,
				58CF0C321B10E12900AD4BF0 /* search-100-hi.png */,
				58CF0C331B10E12900AD4BF0 /* home-100-hi.png */,
				582E7D9F1B10D5F200AB76A2 /* next-96.png */,
				582E7D9D1B10BCA500AB76A2 /* facebook_btn_bg.png */,
				582E7D9B1B10A7CD00AB76A2 /* search_bar.png */,
				582E7D931B108AC200AB76A2 /* plus-96.png */,
				582E7D871B107F6100AB76A2 /* settings-100.png */,
				582E7D881B107F6100AB76A2 /* search-100.png */,
				582E7D891B107F6100AB76A2 /* home-100.png */,
				582E7D8A1B107F6100AB76A2 /* menu-100.png */,
				582E7D8B1B107F6100AB76A2 /* cancel-100.png */,
				582E7D8C1B107F6100AB76A2 /* checkmark-100.png */,
				5890D67B1B081EE400AAEAE5 /* glyphicons_playlist.png */,
				5890D67C1B081EE400AAEAE5 /* glyphicons_share.png */,
				5890D67D1B081EE400AAEAE5 /* glyphicons_show_thumbnails.png */,
				5890D62D1B081DD200AAEAE5 /* btn_add.png */,
				5890D62E1B081DD200AAEAE5 /* btn_backward_disabled.png */,
				5890D62F1B081DD200AAEAE5 /* btn_backward_normal.png */,
				5890D6301B081DD200AAEAE5 /* btn_close.png */,
				5890D6311B081DD200AAEAE5 /* btn_forward_disabled.png */,
				5890D6321B081DD200AAEAE5 /* btn_forward_normal.png */,
				5890D6331B081DD200AAEAE5 /* btn_pause_diabled.png */,
				5890D6341B081DD200AAEAE5 /* btn_pause_normal.png */,
				5890D6351B081DD200AAEAE5 /* btn_play_disabled.png */,
				5890D6361B081DD200AAEAE5 /* btn_play_normal.png */,
				5890D6371B081DD200AAEAE5 /* btn_progress.png */,
				5890D6381B081DD200AAEAE5 /* btn_repeat_disabled.png */,
				5890D6391B081DD200AAEAE5 /* btn_repeat_normal.png */,
				5890D63A1B081DD200AAEAE5 /* btn_repeat_one.png */,
				5890D63B1B081DD200AAEAE5 /* btn_shuffle_disabled.png */,
				5890D63C1B081DD200AAEAE5 /* btn_shuffle_normal.png */,
				5890D63D1B081DD200AAEAE5 /* btn_video_disabled.png */,
				5890D63E1B081DD200AAEAE5 /* btn_video_normal.png */,
				5890D63F1B081DD200AAEAE5 /* btn_volume_max.png */,
				5890D6401B081DD200AAEAE5 /* btn_volume_mid.png */,
				5890D6411B081DD200AAEAE5 /* btn_volume_min.png */,
				5890D6421B081DD200AAEAE5 /* btn_volume_mute.png */,
				5890D6431B081DD200AAEAE5 /* default_profile.png */,
				5890D6441B081DD200AAEAE5 /* default_thumb.png */,
				5890D6451B081DD200AAEAE5 /* ic_bin.png */,
				5890D6461B081DD200AAEAE5 /* ic_cogwheel.png */,
				5890D6471B081DD200AAEAE5 /* ic_down.png */,
				5890D6481B081DD200AAEAE5 /* ic_edit_gray.png */,
				5890D6491B081DD200AAEAE5 /* ic_edit.png */,
				5890D64A1B081DD200AAEAE5 /* ic_facebook.png */,
				5890D64B1B081DD200AAEAE5 /* ic_home.png */,
				5890D64C1B081DD200AAEAE5 /* ic_music_gray.png */,
				5890D64D1B081DD200AAEAE5 /* ic_ok.png */,
				5890D64E1B081DD200AAEAE5 /* ic_option_menu.png */,
				5890D64F1B081DD200AAEAE5 /* ic_presence_offline.png */,
				582E7D831B0F8F0700AB76A2 /* ic_search.png */,
				5890D6511B081DD200AAEAE5 /* ic_up.png */,
				5890D6521B081DD200AAEAE5 /* logo.png */,
				5890D6531B081DD200AAEAE5 /* play_thumbnail.png */,
			);
			name = images;
			sourceTree = "<group>";
		};
		58BB0ADD1B12221B00B07279 /* Alamofire */ = {
			isa = PBXGroup;
			children = (
				58BB0ADE1B12222B00B07279 /* Alamofire.swift */,
				58BB0ADF1B12222B00B07279 /* Download.swift */,
				58BB0AE01B12222B00B07279 /* Manager.swift */,
				58BB0AE11B12222B00B07279 /* ParameterEncoding.swift */,
				58BB0AE21B12222B00B07279 /* Request.swift */,
				58BB0AE31B12222B00B07279 /* ResponseSerialization.swift */,
				58BB0AE41B12222B00B07279 /* Upload.swift */,
				58BB0AE51B12222C00B07279 /* Validation.swift */,
			);
			name = Alamofire;
			sourceTree = "<group>";
		};
		58BB0B111B122D8200B07279 /* GAI */ = {
			isa = PBXGroup;
			children = (
				58BB0B071B122D7400B07279 /* GAI.h */,
				58BB0B081B122D7400B07279 /* GAIDictionaryBuilder.h */,
				58BB0B091B122D7400B07279 /* GAIEcommerceFields.h */,
				58BB0B0A1B122D7400B07279 /* GAIEcommerceProduct.h */,
				58BB0B0B1B122D7400B07279 /* GAIEcommerceProductAction.h */,
				58BB0B0C1B122D7400B07279 /* GAIEcommercePromotion.h */,
				58BB0B0D1B122D7400B07279 /* GAIFields.h */,
				58BB0B0E1B122D7400B07279 /* GAILogger.h */,
				58BB0B0F1B122D7400B07279 /* GAITrackedViewController.h */,
				58BB0B101B122D7400B07279 /* GAITracker.h */,
			);
			name = GAI;
			sourceTree = "<group>";
		};
		F98F65D2D15412F7828AF298 /* Frameworks */ = {
			isa = PBXGroup;
			children = (
				587837E71B45C66E008DF480 /* libXCDYouTubeKit.a */,
				587837E31B451DE7008DF480 /* JavaScriptCore.framework */,
				588693CD1B13C4C500566124 /* Raygun4iOS.framework */,
				588693C71B13C3F600566124 /* Bolts.framework */,
				588693C81B13C3F600566124 /* FBSDKCoreKit.framework */,
				588693C91B13C3F600566124 /* FBSDKLoginKit.framework */,
				588693751B13B4ED00566124 /* libGoogleAnalyticsServices.a */,
				58BB0AF71B122A8600B07279 /* libsqlite3.dylib */,
				58BB0AF51B122A7900B07279 /* libz.dylib */,
				58BB0AF31B122A6D00B07279 /* SystemConfiguration.framework */,
				58BB0AF11B122A6300B07279 /* CoreData.framework */,
				582E7D851B0F9A2D00AB76A2 /* QuartzCore.framework */,
				5890D6291B081C1100AAEAE5 /* MediaPlayer.framework */,
				5890D6271B081C0800AAEAE5 /* AVFoundation.framework */,
			);
			name = Frameworks;
			sourceTree = "<group>";
		};
		FCD1DA791B04CCB200F9EA70 = {
			isa = PBXGroup;
			children = (
				FCD1DA841B04CCB200F9EA70 /* labs */,
				FCD1DA9A1B04CCB200F9EA70 /* labsTests */,
				FCD1DA831B04CCB200F9EA70 /* Products */,
				F98F65D2D15412F7828AF298 /* Frameworks */,
			);
			sourceTree = "<group>";
		};
		FCD1DA831B04CCB200F9EA70 /* Products */ = {
			isa = PBXGroup;
			children = (
				FCD1DA821B04CCB200F9EA70 /* labs.app */,
				FCD1DA971B04CCB200F9EA70 /* labsTests.xctest */,
			);
			name = Products;
			sourceTree = "<group>";
		};
		FCD1DA841B04CCB200F9EA70 /* labs */ = {
			isa = PBXGroup;
			children = (
				587837A11B440225008DF480 /* Reachability */,
				588693BF1B13B7A800566124 /* MBProgressHUD */,
				588693A81B13B52700566124 /* MMDrawerController */,
				588693B51B13B52700566124 /* MMDrawerController-Storyboard */,
				588693771B13B51300566124 /* SDWebImage */,
				58BB0B111B122D8200B07279 /* GAI */,
				58BB0ADD1B12221B00B07279 /* Alamofire */,
				58BB0ADB1B12211E00B07279 /* SwiftyJSON.swift */,
				FCD1DA871B04CCB200F9EA70 /* AppDelegate.swift */,
				FCD1DA8B1B04CCB200F9EA70 /* Main.storyboard */,
				FCD1DA8E1B04CCB200F9EA70 /* Images.xcassets */,
				FCD1DA901B04CCB200F9EA70 /* LaunchScreen.xib */,
				FCD1DA851B04CCB200F9EA70 /* Supporting Files */,
				5890D6111B052B8000AAEAE5 /* LeftSideViewController.swift */,
				58CF0C391B1109D100AD4BF0 /* SparkSlider.swift */,
				5890D6131B0530AE00AAEAE5 /* SideMenuTableViewCell.swift */,
				5890D6151B0538CD00AAEAE5 /* SearchViewController.swift */,
				58BB0B151B12308000B07279 /* BaseViewController.swift */,
				58BB0B121B122DCB00B07279 /* labs-Bridging-Header.h */,
				5890D6171B053F4900AAEAE5 /* SettingsViewController.swift */,
				586D16691B0B65AF00C5147F /* MMSparkDrawerVisualStateManager.swift */,
				5890D6191B05484A00AAEAE5 /* CenterViewController.swift */,
				FC766BEE1B050D51006FD4FB /* NetworkPath.swift */,
				FC766BF41B051AA4006FD4FB /* NetworkRequests.swift */,
				FCCAFE5F1B08BF920027F9D4 /* Models.swift */,
				580621321B08CBAA009012D5 /* FeedViewController.swift */,
				FC0D9D541B09A70300E048CC /* PlayerContext.swift */,
				FC0D9D561B09F4F500E048CC /* Stream.swift */,
				582AFA1D1B09200B001ADEED /* SigninViewController.swift */,
				582E7D951B109B3100AB76A2 /* AutocomTableViewCell.swift */,
				581D4C9D1B09FA120036BEBF /* PlaylistViewController.swift */,
				581D4C9F1B0A0CCF0036BEBF /* PlaylistTableViewCell.swift */,
				582709F61B0A8605003C44DA /* KeychainItemWrapper.swift */,
				586D166D1B0B972400C5147F /* StartupViewController.swift */,
				58D3EBDB1B0BAAD4000C6374 /* BaseContentViewController.swift */,
				58D3EBDD1B0BBC00000C6374 /* AddableTrackTableViewCell.swift */,
				58EAB3DC1B0D0BB00075304E /* PlaylistSelectTableViewCell.swift */,
				58EAB3DE1B0D11110075304E /* Utils.swift */,
				FC0D9D581B0CC4DE00E048CC /* Constants.swift */,
				587CDD211B0E4EC100D23CCC /* CopyrightViewController.swift */,
				5853A7E91B0F44560068C6DF /* ScrollPager.swift */,
			);
			path = labs;
			sourceTree = "<group>";
		};
		FCD1DA851B04CCB200F9EA70 /* Supporting Files */ = {
			isa = PBXGroup;
			children = (
				5890D62C1B081DB500AAEAE5 /* images */,
				FCD1DA861B04CCB200F9EA70 /* Info.plist */,
				587CDD231B0E4FA900D23CCC /* copyright.html */,
			);
			name = "Supporting Files";
			sourceTree = "<group>";
		};
		FCD1DA9A1B04CCB200F9EA70 /* labsTests */ = {
			isa = PBXGroup;
			children = (
				FCD1DA9D1B04CCB200F9EA70 /* labsTests.swift */,
				FCD1DA9B1B04CCB200F9EA70 /* Supporting Files */,
			);
			path = labsTests;
			sourceTree = "<group>";
		};
		FCD1DA9B1B04CCB200F9EA70 /* Supporting Files */ = {
			isa = PBXGroup;
			children = (
				FCD1DA9C1B04CCB200F9EA70 /* Info.plist */,
			);
			name = "Supporting Files";
			sourceTree = "<group>";
		};
/* End PBXGroup section */

/* Begin PBXNativeTarget section */
		FCD1DA811B04CCB200F9EA70 /* labs */ = {
			isa = PBXNativeTarget;
			buildConfigurationList = FCD1DAA11B04CCB200F9EA70 /* Build configuration list for PBXNativeTarget "labs" */;
			buildPhases = (
				FCD1DA7E1B04CCB200F9EA70 /* Sources */,
				FCD1DA7F1B04CCB200F9EA70 /* Frameworks */,
				FCD1DA801B04CCB200F9EA70 /* Resources */,
			);
			buildRules = (
			);
			dependencies = (
			);
			name = labs;
			productName = labs;
			productReference = FCD1DA821B04CCB200F9EA70 /* labs.app */;
			productType = "com.apple.product-type.application";
		};
		FCD1DA961B04CCB200F9EA70 /* labsTests */ = {
			isa = PBXNativeTarget;
			buildConfigurationList = FCD1DAA41B04CCB200F9EA70 /* Build configuration list for PBXNativeTarget "labsTests" */;
			buildPhases = (
				FCD1DA931B04CCB200F9EA70 /* Sources */,
				FCD1DA941B04CCB200F9EA70 /* Frameworks */,
				FCD1DA951B04CCB200F9EA70 /* Resources */,
			);
			buildRules = (
			);
			dependencies = (
				FCD1DA991B04CCB200F9EA70 /* PBXTargetDependency */,
			);
			name = labsTests;
			productName = labsTests;
			productReference = FCD1DA971B04CCB200F9EA70 /* labsTests.xctest */;
			productType = "com.apple.product-type.bundle.unit-test";
		};
/* End PBXNativeTarget section */

/* Begin PBXProject section */
		FCD1DA7A1B04CCB200F9EA70 /* Project object */ = {
			isa = PBXProject;
			attributes = {
				LastUpgradeCheck = 0600;
				ORGANIZATIONNAME = dropbeat;
				TargetAttributes = {
					FCD1DA811B04CCB200F9EA70 = {
						CreatedOnToolsVersion = 6.0.1;
						DevelopmentTeam = XGLQXMFR26;
					};
					FCD1DA961B04CCB200F9EA70 = {
						CreatedOnToolsVersion = 6.0.1;
						TestTargetID = FCD1DA811B04CCB200F9EA70;
					};
				};
			};
			buildConfigurationList = FCD1DA7D1B04CCB200F9EA70 /* Build configuration list for PBXProject "labs" */;
			compatibilityVersion = "Xcode 3.2";
			developmentRegion = English;
			hasScannedForEncodings = 0;
			knownRegions = (
				en,
				Base,
			);
			mainGroup = FCD1DA791B04CCB200F9EA70;
			productRefGroup = FCD1DA831B04CCB200F9EA70 /* Products */;
			projectDirPath = "";
			projectRoot = "";
			targets = (
				FCD1DA811B04CCB200F9EA70 /* labs */,
				FCD1DA961B04CCB200F9EA70 /* labsTests */,
			);
		};
/* End PBXProject section */

/* Begin PBXResourcesBuildPhase section */
		FCD1DA801B04CCB200F9EA70 /* Resources */ = {
			isa = PBXResourcesBuildPhase;
			buildActionMask = 2147483647;
			files = (
				5890D66B1B081DD200AAEAE5 /* default_thumb.png in Resources */,
				5890D66E1B081DD200AAEAE5 /* ic_down.png in Resources */,
				5890D6721B081DD200AAEAE5 /* ic_home.png in Resources */,
				5890D65F1B081DD200AAEAE5 /* btn_repeat_disabled.png in Resources */,
				582E7D9E1B10BCA500AB76A2 /* facebook_btn_bg.png in Resources */,
				5890D66D1B081DD200AAEAE5 /* ic_cogwheel.png in Resources */,
				587837A01B43E6F8008DF480 /* ic_hq_off.png in Resources */,
				582E7D941B108AC200AB76A2 /* plus-96.png in Resources */,
				5890D6541B081DD200AAEAE5 /* btn_add.png in Resources */,
				5890D6621B081DD200AAEAE5 /* btn_shuffle_disabled.png in Resources */,
				5890D6681B081DD200AAEAE5 /* btn_volume_min.png in Resources */,
				58CF0C351B10E12900AD4BF0 /* search-100-hi.png in Resources */,
				582E7D841B0F8F0700AB76A2 /* ic_search.png in Resources */,
				5890D66C1B081DD200AAEAE5 /* ic_bin.png in Resources */,
				582E7D8D1B107F6100AB76A2 /* settings-100.png in Resources */,
				5890D65D1B081DD200AAEAE5 /* btn_play_normal.png in Resources */,
				587CDD241B0E4FA900D23CCC /* copyright.html in Resources */,
				582E7D8E1B107F6100AB76A2 /* search-100.png in Resources */,
				582E7D911B107F6100AB76A2 /* cancel-100.png in Resources */,
				582E7D901B107F6100AB76A2 /* menu-100.png in Resources */,
				58CF0C381B11025500AD4BF0 /* empty.png in Resources */,
				5890D65B1B081DD200AAEAE5 /* btn_pause_normal.png in Resources */,
				FCD1DA8D1B04CCB200F9EA70 /* Main.storyboard in Resources */,
				588693B81B13B52700566124 /* LICENSE in Resources */,
				5890D6741B081DD200AAEAE5 /* ic_ok.png in Resources */,
				5890D67A1B081DD200AAEAE5 /* play_thumbnail.png in Resources */,
				588693981B13B51300566124 /* LICENSE in Resources */,
				5890D6751B081DD200AAEAE5 /* ic_option_menu.png in Resources */,
				58CF0C361B10E12900AD4BF0 /* home-100-hi.png in Resources */,
				5890D6591B081DD200AAEAE5 /* btn_forward_normal.png in Resources */,
				5813390D1B12F9F300509879 /* default_artwork.png in Resources */,
				5890D6631B081DD200AAEAE5 /* btn_shuffle_normal.png in Resources */,
				FCD1DA921B04CCB200F9EA70 /* LaunchScreen.xib in Resources */,
				5890D6701B081DD200AAEAE5 /* ic_edit.png in Resources */,
				5890D66A1B081DD200AAEAE5 /* default_profile.png in Resources */,
				5890D67E1B081EE400AAEAE5 /* glyphicons_playlist.png in Resources */,
				58CF0C401B110CF500AD4BF0 /* slider_max.png in Resources */,
				582E7DA01B10D5F200AB76A2 /* next-96.png in Resources */,
				5890D6761B081DD200AAEAE5 /* ic_presence_offline.png in Resources */,
				5878379E1B43D977008DF480 /* ic_hq_on.png in Resources */,
				5890D65C1B081DD200AAEAE5 /* btn_play_disabled.png in Resources */,
				5890D66F1B081DD200AAEAE5 /* ic_edit_gray.png in Resources */,
				5890D6561B081DD200AAEAE5 /* btn_backward_normal.png in Resources */,
				588693C41B13B7A800566124 /* LICENSE in Resources */,
				5890D6551B081DD200AAEAE5 /* btn_backward_disabled.png in Resources */,
				58CF0C3F1B110CF500AD4BF0 /* slider_min.png in Resources */,
				58CF0C341B10E12900AD4BF0 /* settings-100-hi.png in Resources */,
				582E7D8F1B107F6100AB76A2 /* home-100.png in Resources */,
				5890D6671B081DD200AAEAE5 /* btn_volume_mid.png in Resources */,
				58CDE2EC1B119BFD009C8AA2 /* logo_512x512.png in Resources */,
				5890D6781B081DD200AAEAE5 /* ic_up.png in Resources */,
				5890D6611B081DD200AAEAE5 /* btn_repeat_one.png in Resources */,
				5890D6711B081DD200AAEAE5 /* ic_facebook.png in Resources */,
				5890D6791B081DD200AAEAE5 /* logo.png in Resources */,
				5890D6731B081DD200AAEAE5 /* ic_music_gray.png in Resources */,
				5890D67F1B081EE400AAEAE5 /* glyphicons_share.png in Resources */,
				5890D65E1B081DD200AAEAE5 /* btn_progress.png in Resources */,
				582E7D9C1B10A7CD00AB76A2 /* search_bar.png in Resources */,
				FCD1DA8F1B04CCB200F9EA70 /* Images.xcassets in Resources */,
				5890D65A1B081DD200AAEAE5 /* btn_pause_diabled.png in Resources */,
				5890D6651B081DD200AAEAE5 /* btn_video_normal.png in Resources */,
				582E7D921B107F6100AB76A2 /* checkmark-100.png in Resources */,
				5890D6641B081DD200AAEAE5 /* btn_video_disabled.png in Resources */,
				5890D6581B081DD200AAEAE5 /* btn_forward_disabled.png in Resources */,
				5890D6801B081EE400AAEAE5 /* glyphicons_show_thumbnails.png in Resources */,
				58CF0C441B110E2200AD4BF0 /* slider_thumb.png in Resources */,
				5890D6691B081DD200AAEAE5 /* btn_volume_mute.png in Resources */,
				5890D6661B081DD200AAEAE5 /* btn_volume_max.png in Resources */,
				5890D6601B081DD200AAEAE5 /* btn_repeat_normal.png in Resources */,
				5890D6571B081DD200AAEAE5 /* btn_close.png in Resources */,
			);
			runOnlyForDeploymentPostprocessing = 0;
		};
		FCD1DA951B04CCB200F9EA70 /* Resources */ = {
			isa = PBXResourcesBuildPhase;
			buildActionMask = 2147483647;
			files = (
			);
			runOnlyForDeploymentPostprocessing = 0;
		};
/* End PBXResourcesBuildPhase section */

/* Begin PBXSourcesBuildPhase section */
		FCD1DA7E1B04CCB200F9EA70 /* Sources */ = {
			isa = PBXSourcesBuildPhase;
			buildActionMask = 2147483647;
			files = (
				5890D6161B0538CD00AAEAE5 /* SearchViewController.swift in Sources */,
				588693C51B13B7A800566124 /* MBProgressHUD.m in Sources */,
				5890D6121B052B8000AAEAE5 /* LeftSideViewController.swift in Sources */,
				586D166A1B0B65AF00C5147F /* MMSparkDrawerVisualStateManager.swift in Sources */,
				581D4CA01B0A0CCF0036BEBF /* PlaylistTableViewCell.swift in Sources */,
				588693991B13B51300566124 /* README.md in Sources */,
				588693A01B13B51300566124 /* SDWebImageManager.m in Sources */,
				58BB0AEA1B12222C00B07279 /* Request.swift in Sources */,
				58EAB3DD1B0D0BB00075304E /* PlaylistSelectTableViewCell.swift in Sources */,
				586D166E1B0B972400C5147F /* StartupViewController.swift in Sources */,
				588693BE1B13B52700566124 /* MMDrawerController+Storyboard.m in Sources */,
				588693BB1B13B52700566124 /* MMDrawerVisualState.m in Sources */,
				588693BC1B13B52700566124 /* UIViewController+MMDrawerController.m in Sources */,
				5886939B1B13B51300566124 /* SDImageCache.m in Sources */,
				5886939F1B13B51300566124 /* SDWebImageDownloaderOperation.m in Sources */,
				5890D61A1B05484A00AAEAE5 /* CenterViewController.swift in Sources */,
				58EAB3DF1B0D11110075304E /* Utils.swift in Sources */,
				58BB0AEB1B12222C00B07279 /* ResponseSerialization.swift in Sources */,
				582709F71B0A8605003C44DA /* KeychainItemWrapper.swift in Sources */,
				58BB0B161B12308000B07279 /* BaseViewController.swift in Sources */,
				588693BD1B13B52700566124 /* README.md in Sources */,
				58BB0AE71B12222C00B07279 /* Download.swift in Sources */,
				58D3EBDE1B0BBC00000C6374 /* AddableTrackTableViewCell.swift in Sources */,
				588693A21B13B51300566124 /* UIButton+WebCache.m in Sources */,
				5886939E1B13B51300566124 /* SDWebImageDownloader.m in Sources */,
				588693A51B13B51300566124 /* UIImageView+HighlightedWebCache.m in Sources */,
				58CF0C3A1B1109D100AD4BF0 /* SparkSlider.swift in Sources */,
				FC0D9D551B09A70300E048CC /* PlayerContext.swift in Sources */,
				5886939D1B13B51300566124 /* SDWebImageDecoder.m in Sources */,
				588693A71B13B51300566124 /* UIView+WebCacheOperation.m in Sources */,
				FC766BEF1B050D51006FD4FB /* NetworkPath.swift in Sources */,
				FC766BF51B051AA4006FD4FB /* NetworkRequests.swift in Sources */,
				FC0D9D591B0CC4DE00E048CC /* Constants.swift in Sources */,
				FCCAFE601B08BF920027F9D4 /* Models.swift in Sources */,
				580621331B08CBAA009012D5 /* FeedViewController.swift in Sources */,
				587CDD221B0E4EC100D23CCC /* CopyrightViewController.swift in Sources */,
				58BB0AEC1B12222C00B07279 /* Upload.swift in Sources */,
				58BB0AED1B12222C00B07279 /* Validation.swift in Sources */,
				FC0D9D571B09F4F500E048CC /* Stream.swift in Sources */,
				588693A61B13B51300566124 /* UIImageView+WebCache.m in Sources */,
				58BB0ADC1B12211E00B07279 /* SwiftyJSON.swift in Sources */,
				58BB0AE61B12222C00B07279 /* Alamofire.swift in Sources */,
				582E7D961B109B3100AB76A2 /* AutocomTableViewCell.swift in Sources */,
				582AFA1E1B09200B001ADEED /* SigninViewController.swift in Sources */,
				588693C61B13B7A800566124 /* README.mdown in Sources */,
				588693BA1B13B52700566124 /* MMDrawerController.m in Sources */,
				581D4C9E1B09FA120036BEBF /* PlaylistViewController.swift in Sources */,
				588693A31B13B51300566124 /* UIImage+GIF.m in Sources */,
				58BB0AE81B12222C00B07279 /* Manager.swift in Sources */,
				587837A41B4402D0008DF480 /* Reachability.m in Sources */,
				5886939A1B13B51300566124 /* NSData+ImageContentType.m in Sources */,
				58BB0AE91B12222C00B07279 /* ParameterEncoding.swift in Sources */,
				588693A11B13B51300566124 /* SDWebImagePrefetcher.m in Sources */,
				588693A41B13B51300566124 /* UIImage+MultiFormat.m in Sources */,
				58D3EBDC1B0BAAD4000C6374 /* BaseContentViewController.swift in Sources */,
				5886939C1B13B51300566124 /* SDWebImageCompat.m in Sources */,
				5853A7EA1B0F44560068C6DF /* ScrollPager.swift in Sources */,
				588693B91B13B52700566124 /* MMDrawerBarButtonItem.m in Sources */,
				FCD1DA881B04CCB200F9EA70 /* AppDelegate.swift in Sources */,
				5890D6141B0530AE00AAEAE5 /* SideMenuTableViewCell.swift in Sources */,
				5890D6181B053F4900AAEAE5 /* SettingsViewController.swift in Sources */,
			);
			runOnlyForDeploymentPostprocessing = 0;
		};
		FCD1DA931B04CCB200F9EA70 /* Sources */ = {
			isa = PBXSourcesBuildPhase;
			buildActionMask = 2147483647;
			files = (
				FCD1DA9E1B04CCB200F9EA70 /* labsTests.swift in Sources */,
			);
			runOnlyForDeploymentPostprocessing = 0;
		};
/* End PBXSourcesBuildPhase section */

/* Begin PBXTargetDependency section */
		FCD1DA991B04CCB200F9EA70 /* PBXTargetDependency */ = {
			isa = PBXTargetDependency;
			target = FCD1DA811B04CCB200F9EA70 /* labs */;
			targetProxy = FCD1DA981B04CCB200F9EA70 /* PBXContainerItemProxy */;
		};
/* End PBXTargetDependency section */

/* Begin PBXVariantGroup section */
		FCD1DA8B1B04CCB200F9EA70 /* Main.storyboard */ = {
			isa = PBXVariantGroup;
			children = (
				FCD1DA8C1B04CCB200F9EA70 /* Base */,
			);
			name = Main.storyboard;
			sourceTree = "<group>";
		};
		FCD1DA901B04CCB200F9EA70 /* LaunchScreen.xib */ = {
			isa = PBXVariantGroup;
			children = (
				FCD1DA911B04CCB200F9EA70 /* Base */,
			);
			name = LaunchScreen.xib;
			sourceTree = "<group>";
		};
/* End PBXVariantGroup section */

/* Begin XCBuildConfiguration section */
		FCD1DA9F1B04CCB200F9EA70 /* Debug */ = {
			isa = XCBuildConfiguration;
			buildSettings = {
				ALWAYS_SEARCH_USER_PATHS = NO;
				CLANG_CXX_LANGUAGE_STANDARD = "gnu++0x";
				CLANG_CXX_LIBRARY = "libc++";
				CLANG_ENABLE_MODULES = YES;
				CLANG_ENABLE_OBJC_ARC = YES;
				CLANG_WARN_BOOL_CONVERSION = YES;
				CLANG_WARN_CONSTANT_CONVERSION = YES;
				CLANG_WARN_DIRECT_OBJC_ISA_USAGE = YES_ERROR;
				CLANG_WARN_EMPTY_BODY = YES;
				CLANG_WARN_ENUM_CONVERSION = YES;
				CLANG_WARN_INT_CONVERSION = YES;
				CLANG_WARN_OBJC_ROOT_CLASS = YES_ERROR;
				CLANG_WARN_UNREACHABLE_CODE = YES;
				CLANG_WARN__DUPLICATE_METHOD_MATCH = YES;
				"CODE_SIGN_IDENTITY[sdk=iphoneos*]" = "iPhone Developer";
				COPY_PHASE_STRIP = NO;
				ENABLE_STRICT_OBJC_MSGSEND = YES;
				GCC_C_LANGUAGE_STANDARD = gnu99;
				GCC_DYNAMIC_NO_PIC = NO;
				GCC_OPTIMIZATION_LEVEL = 0;
				GCC_PREPROCESSOR_DEFINITIONS = (
					"DEBUG=1",
					"$(inherited)",
				);
				GCC_SYMBOLS_PRIVATE_EXTERN = NO;
				GCC_WARN_64_TO_32_BIT_CONVERSION = YES;
				GCC_WARN_ABOUT_RETURN_TYPE = YES_ERROR;
				GCC_WARN_UNDECLARED_SELECTOR = YES;
				GCC_WARN_UNINITIALIZED_AUTOS = YES_AGGRESSIVE;
				GCC_WARN_UNUSED_FUNCTION = YES;
				GCC_WARN_UNUSED_VARIABLE = YES;
				IPHONEOS_DEPLOYMENT_TARGET = 8.0;
				MTL_ENABLE_DEBUG_INFO = YES;
				ONLY_ACTIVE_ARCH = YES;
				SDKROOT = iphoneos;
				SWIFT_OPTIMIZATION_LEVEL = "-Onone";
				TARGETED_DEVICE_FAMILY = "1,2";
			};
			name = Debug;
		};
		FCD1DAA01B04CCB200F9EA70 /* Release */ = {
			isa = XCBuildConfiguration;
			buildSettings = {
				ALWAYS_SEARCH_USER_PATHS = NO;
				CLANG_CXX_LANGUAGE_STANDARD = "gnu++0x";
				CLANG_CXX_LIBRARY = "libc++";
				CLANG_ENABLE_MODULES = YES;
				CLANG_ENABLE_OBJC_ARC = YES;
				CLANG_WARN_BOOL_CONVERSION = YES;
				CLANG_WARN_CONSTANT_CONVERSION = YES;
				CLANG_WARN_DIRECT_OBJC_ISA_USAGE = YES_ERROR;
				CLANG_WARN_EMPTY_BODY = YES;
				CLANG_WARN_ENUM_CONVERSION = YES;
				CLANG_WARN_INT_CONVERSION = YES;
				CLANG_WARN_OBJC_ROOT_CLASS = YES_ERROR;
				CLANG_WARN_UNREACHABLE_CODE = YES;
				CLANG_WARN__DUPLICATE_METHOD_MATCH = YES;
				"CODE_SIGN_IDENTITY[sdk=iphoneos*]" = "iPhone Developer";
				COPY_PHASE_STRIP = YES;
				ENABLE_NS_ASSERTIONS = NO;
				ENABLE_STRICT_OBJC_MSGSEND = YES;
				GCC_C_LANGUAGE_STANDARD = gnu99;
				GCC_WARN_64_TO_32_BIT_CONVERSION = YES;
				GCC_WARN_ABOUT_RETURN_TYPE = YES_ERROR;
				GCC_WARN_UNDECLARED_SELECTOR = YES;
				GCC_WARN_UNINITIALIZED_AUTOS = YES_AGGRESSIVE;
				GCC_WARN_UNUSED_FUNCTION = YES;
				GCC_WARN_UNUSED_VARIABLE = YES;
				IPHONEOS_DEPLOYMENT_TARGET = 8.0;
				MTL_ENABLE_DEBUG_INFO = NO;
				SDKROOT = iphoneos;
				TARGETED_DEVICE_FAMILY = "1,2";
				VALIDATE_PRODUCT = YES;
			};
			name = Release;
		};
		FCD1DAA21B04CCB200F9EA70 /* Debug */ = {
			isa = XCBuildConfiguration;
			buildSettings = {
				ASSETCATALOG_COMPILER_APPICON_NAME = AppIcon;
				ASSETCATALOG_COMPILER_LAUNCHIMAGE_NAME = LaunchImage;
				CODE_SIGN_IDENTITY = "iPhone Developer";
				"CODE_SIGN_IDENTITY[sdk=iphoneos*]" = "iPhone Developer";
				FRAMEWORK_SEARCH_PATHS = (
					"$(inherited)",
					"$(PROJECT_DIR)/build/Debug-iphoneos/Pods",
					"$(PROJECT_DIR)/Libraries",
					"$(PROJECT_DIR)/Libraries/Raygun4iOS",
				);
				INFOPLIST_FILE = labs/Info.plist;
				IPHONEOS_DEPLOYMENT_TARGET = 7.0;
				LD_RUNPATH_SEARCH_PATHS = "$(inherited) @executable_path/Frameworks";
				LIBRARY_SEARCH_PATHS = (
					"$(inherited)",
					/Users/vulpes/Downloads/GoogleAnalyticsServicesiOS_3.12,
					"/Users/parkilsu/dev/xcode-repo",
					"$(PROJECT_DIR)/Libraries/GA",
					"/Users/vulpes/Documents/iphone/XCDYouTubeKit/build/Debug-iphoneos",
					"$(PROJECT_DIR)/Libraries",
					"$(USER_LIBRARY_DIR)/Developer/Xcode/DerivedData/labsWorkspace-enlawibbbrwbfxaarobsinbrlhgb/Build/Products/Debug-iphoneos",
				);
				PRODUCT_NAME = "$(TARGET_NAME)";
				PROVISIONING_PROFILE = "";
				SWIFT_OBJC_BRIDGING_HEADER = "$(SRCROOT)/labs/labs-Bridging-Header.h";
			};
			name = Debug;
		};
		FCD1DAA31B04CCB200F9EA70 /* Release */ = {
			isa = XCBuildConfiguration;
			buildSettings = {
				ASSETCATALOG_COMPILER_APPICON_NAME = AppIcon;
				ASSETCATALOG_COMPILER_LAUNCHIMAGE_NAME = LaunchImage;
				CODE_SIGN_IDENTITY = "iPhone Developer";
				"CODE_SIGN_IDENTITY[sdk=iphoneos*]" = "iPhone Developer";
				FRAMEWORK_SEARCH_PATHS = (
					"$(inherited)",
					"$(PROJECT_DIR)/build/Debug-iphoneos/Pods",
					"$(PROJECT_DIR)/Libraries",
					"$(PROJECT_DIR)/Libraries/Raygun4iOS",
				);
				INFOPLIST_FILE = labs/Info.plist;
				IPHONEOS_DEPLOYMENT_TARGET = 7.0;
				LD_RUNPATH_SEARCH_PATHS = "$(inherited) @executable_path/Frameworks";
				LIBRARY_SEARCH_PATHS = (
					"$(inherited)",
					/Users/vulpes/Downloads/GoogleAnalyticsServicesiOS_3.12,
					"/Users/parkilsu/dev/xcode-repo",
					"$(PROJECT_DIR)/Libraries/GA",
					"/Users/vulpes/Documents/iphone/XCDYouTubeKit/build/Debug-iphoneos",
					"$(PROJECT_DIR)/Libraries",
					"$(USER_LIBRARY_DIR)/Developer/Xcode/DerivedData/labsWorkspace-enlawibbbrwbfxaarobsinbrlhgb/Build/Products/Debug-iphoneos",
				);
				PRODUCT_NAME = "$(TARGET_NAME)";
				PROVISIONING_PROFILE = "";
				SWIFT_OBJC_BRIDGING_HEADER = "$(SRCROOT)/labs/labs-Bridging-Header.h";
			};
			name = Release;
		};
		FCD1DAA51B04CCB200F9EA70 /* Debug */ = {
			isa = XCBuildConfiguration;
			buildSettings = {
				BUNDLE_LOADER = "$(TEST_HOST)";
				FRAMEWORK_SEARCH_PATHS = (
					"$(SDKROOT)/Developer/Library/Frameworks",
					"$(inherited)",
				);
				GCC_PREPROCESSOR_DEFINITIONS = (
					"DEBUG=1",
					"$(inherited)",
				);
				INFOPLIST_FILE = labsTests/Info.plist;
				LD_RUNPATH_SEARCH_PATHS = "$(inherited) @executable_path/Frameworks @loader_path/Frameworks";
				PRODUCT_NAME = "$(TARGET_NAME)";
				TEST_HOST = "$(BUILT_PRODUCTS_DIR)/labs.app/labs";
			};
			name = Debug;
		};
		FCD1DAA61B04CCB200F9EA70 /* Release */ = {
			isa = XCBuildConfiguration;
			buildSettings = {
				BUNDLE_LOADER = "$(TEST_HOST)";
				FRAMEWORK_SEARCH_PATHS = (
					"$(SDKROOT)/Developer/Library/Frameworks",
					"$(inherited)",
				);
				INFOPLIST_FILE = labsTests/Info.plist;
				LD_RUNPATH_SEARCH_PATHS = "$(inherited) @executable_path/Frameworks @loader_path/Frameworks";
				PRODUCT_NAME = "$(TARGET_NAME)";
				TEST_HOST = "$(BUILT_PRODUCTS_DIR)/labs.app/labs";
			};
			name = Release;
		};
/* End XCBuildConfiguration section */

/* Begin XCConfigurationList section */
		FCD1DA7D1B04CCB200F9EA70 /* Build configuration list for PBXProject "labs" */ = {
			isa = XCConfigurationList;
			buildConfigurations = (
				FCD1DA9F1B04CCB200F9EA70 /* Debug */,
				FCD1DAA01B04CCB200F9EA70 /* Release */,
			);
			defaultConfigurationIsVisible = 0;
			defaultConfigurationName = Release;
		};
		FCD1DAA11B04CCB200F9EA70 /* Build configuration list for PBXNativeTarget "labs" */ = {
			isa = XCConfigurationList;
			buildConfigurations = (
				FCD1DAA21B04CCB200F9EA70 /* Debug */,
				FCD1DAA31B04CCB200F9EA70 /* Release */,
			);
			defaultConfigurationIsVisible = 0;
			defaultConfigurationName = Release;
		};
		FCD1DAA41B04CCB200F9EA70 /* Build configuration list for PBXNativeTarget "labsTests" */ = {
			isa = XCConfigurationList;
			buildConfigurations = (
				FCD1DAA51B04CCB200F9EA70 /* Debug */,
				FCD1DAA61B04CCB200F9EA70 /* Release */,
			);
			defaultConfigurationIsVisible = 0;
			defaultConfigurationName = Release;
		};
/* End XCConfigurationList section */
	};
	rootObject = FCD1DA7A1B04CCB200F9EA70 /* Project object */;
}
