// !$*UTF8*$!
{
	archiveVersion = 1;
	classes = {
	};
	objectVersion = 46;
	objects = {

/* Begin PBXBuildFile section */
		580621331B08CBAA009012D5 /* FeedViewController.swift in Sources */ = {isa = PBXBuildFile; fileRef = 580621321B08CBAA009012D5 /* FeedViewController.swift */; };
		580621351B08DE74009012D5 /* FBSDKCoreKit.framework in Frameworks */ = {isa = PBXBuildFile; fileRef = 580621341B08DE74009012D5 /* FBSDKCoreKit.framework */; };
		580621371B08DE79009012D5 /* FBSDKLoginKit.framework in Frameworks */ = {isa = PBXBuildFile; fileRef = 580621361B08DE79009012D5 /* FBSDKLoginKit.framework */; };
		581D4C9E1B09FA120036BEBF /* PlaylistViewController.swift in Sources */ = {isa = PBXBuildFile; fileRef = 581D4C9D1B09FA120036BEBF /* PlaylistViewController.swift */; };
		581D4CA01B0A0CCF0036BEBF /* PlaylistTableViewCell.swift in Sources */ = {isa = PBXBuildFile; fileRef = 581D4C9F1B0A0CCF0036BEBF /* PlaylistTableViewCell.swift */; };
		582709F71B0A8605003C44DA /* KeychainItemWrapper.swift in Sources */ = {isa = PBXBuildFile; fileRef = 582709F61B0A8605003C44DA /* KeychainItemWrapper.swift */; };
		582AFA1E1B09200B001ADEED /* SigninViewController.swift in Sources */ = {isa = PBXBuildFile; fileRef = 582AFA1D1B09200B001ADEED /* SigninViewController.swift */; };
		586D166A1B0B65AF00C5147F /* MMSparkDrawerVisualStateManager.swift in Sources */ = {isa = PBXBuildFile; fileRef = 586D16691B0B65AF00C5147F /* MMSparkDrawerVisualStateManager.swift */; };
		586D166E1B0B972400C5147F /* StartupViewController.swift in Sources */ = {isa = PBXBuildFile; fileRef = 586D166D1B0B972400C5147F /* StartupViewController.swift */; };
		5890D6121B052B8000AAEAE5 /* LeftSideViewController.swift in Sources */ = {isa = PBXBuildFile; fileRef = 5890D6111B052B8000AAEAE5 /* LeftSideViewController.swift */; };
		5890D6141B0530AE00AAEAE5 /* SideMenuTableViewCell.swift in Sources */ = {isa = PBXBuildFile; fileRef = 5890D6131B0530AE00AAEAE5 /* SideMenuTableViewCell.swift */; };
		5890D6161B0538CD00AAEAE5 /* SearchViewController.swift in Sources */ = {isa = PBXBuildFile; fileRef = 5890D6151B0538CD00AAEAE5 /* SearchViewController.swift */; };
		5890D6181B053F4900AAEAE5 /* SettingsViewController.swift in Sources */ = {isa = PBXBuildFile; fileRef = 5890D6171B053F4900AAEAE5 /* SettingsViewController.swift */; };
		5890D61A1B05484A00AAEAE5 /* CenterViewController.swift in Sources */ = {isa = PBXBuildFile; fileRef = 5890D6191B05484A00AAEAE5 /* CenterViewController.swift */; };
		5890D6281B081C0800AAEAE5 /* AVFoundation.framework in Frameworks */ = {isa = PBXBuildFile; fileRef = 5890D6271B081C0800AAEAE5 /* AVFoundation.framework */; };
		5890D62A1B081C1100AAEAE5 /* MediaPlayer.framework in Frameworks */ = {isa = PBXBuildFile; fileRef = 5890D6291B081C1100AAEAE5 /* MediaPlayer.framework */; };
		5890D6541B081DD200AAEAE5 /* btn_add.png in Resources */ = {isa = PBXBuildFile; fileRef = 5890D62D1B081DD200AAEAE5 /* btn_add.png */; };
		5890D6551B081DD200AAEAE5 /* btn_backward_disabled.png in Resources */ = {isa = PBXBuildFile; fileRef = 5890D62E1B081DD200AAEAE5 /* btn_backward_disabled.png */; };
		5890D6561B081DD200AAEAE5 /* btn_backward_normal.png in Resources */ = {isa = PBXBuildFile; fileRef = 5890D62F1B081DD200AAEAE5 /* btn_backward_normal.png */; };
		5890D6571B081DD200AAEAE5 /* btn_close.png in Resources */ = {isa = PBXBuildFile; fileRef = 5890D6301B081DD200AAEAE5 /* btn_close.png */; };
		5890D6581B081DD200AAEAE5 /* btn_forward_disabled.png in Resources */ = {isa = PBXBuildFile; fileRef = 5890D6311B081DD200AAEAE5 /* btn_forward_disabled.png */; };
		5890D6591B081DD200AAEAE5 /* btn_forward_normal.png in Resources */ = {isa = PBXBuildFile; fileRef = 5890D6321B081DD200AAEAE5 /* btn_forward_normal.png */; };
		5890D65A1B081DD200AAEAE5 /* btn_pause_diabled.png in Resources */ = {isa = PBXBuildFile; fileRef = 5890D6331B081DD200AAEAE5 /* btn_pause_diabled.png */; };
		5890D65B1B081DD200AAEAE5 /* btn_pause_normal.png in Resources */ = {isa = PBXBuildFile; fileRef = 5890D6341B081DD200AAEAE5 /* btn_pause_normal.png */; };
		5890D65C1B081DD200AAEAE5 /* btn_play_disabled.png in Resources */ = {isa = PBXBuildFile; fileRef = 5890D6351B081DD200AAEAE5 /* btn_play_disabled.png */; };
		5890D65D1B081DD200AAEAE5 /* btn_play_normal.png in Resources */ = {isa = PBXBuildFile; fileRef = 5890D6361B081DD200AAEAE5 /* btn_play_normal.png */; };
		5890D65E1B081DD200AAEAE5 /* btn_progress.png in Resources */ = {isa = PBXBuildFile; fileRef = 5890D6371B081DD200AAEAE5 /* btn_progress.png */; };
		5890D65F1B081DD200AAEAE5 /* btn_repeat_disabled.png in Resources */ = {isa = PBXBuildFile; fileRef = 5890D6381B081DD200AAEAE5 /* btn_repeat_disabled.png */; };
		5890D6601B081DD200AAEAE5 /* btn_repeat_normal.png in Resources */ = {isa = PBXBuildFile; fileRef = 5890D6391B081DD200AAEAE5 /* btn_repeat_normal.png */; };
		5890D6611B081DD200AAEAE5 /* btn_repeat_one.png in Resources */ = {isa = PBXBuildFile; fileRef = 5890D63A1B081DD200AAEAE5 /* btn_repeat_one.png */; };
		5890D6621B081DD200AAEAE5 /* btn_shuffle_disabled.png in Resources */ = {isa = PBXBuildFile; fileRef = 5890D63B1B081DD200AAEAE5 /* btn_shuffle_disabled.png */; };
		5890D6631B081DD200AAEAE5 /* btn_shuffle_normal.png in Resources */ = {isa = PBXBuildFile; fileRef = 5890D63C1B081DD200AAEAE5 /* btn_shuffle_normal.png */; };
		5890D6641B081DD200AAEAE5 /* btn_video_disabled.png in Resources */ = {isa = PBXBuildFile; fileRef = 5890D63D1B081DD200AAEAE5 /* btn_video_disabled.png */; };
		5890D6651B081DD200AAEAE5 /* btn_video_normal.png in Resources */ = {isa = PBXBuildFile; fileRef = 5890D63E1B081DD200AAEAE5 /* btn_video_normal.png */; };
		5890D6661B081DD200AAEAE5 /* btn_volume_max.png in Resources */ = {isa = PBXBuildFile; fileRef = 5890D63F1B081DD200AAEAE5 /* btn_volume_max.png */; };
		5890D6671B081DD200AAEAE5 /* btn_volume_mid.png in Resources */ = {isa = PBXBuildFile; fileRef = 5890D6401B081DD200AAEAE5 /* btn_volume_mid.png */; };
		5890D6681B081DD200AAEAE5 /* btn_volume_min.png in Resources */ = {isa = PBXBuildFile; fileRef = 5890D6411B081DD200AAEAE5 /* btn_volume_min.png */; };
		5890D6691B081DD200AAEAE5 /* btn_volume_mute.png in Resources */ = {isa = PBXBuildFile; fileRef = 5890D6421B081DD200AAEAE5 /* btn_volume_mute.png */; };
		5890D66A1B081DD200AAEAE5 /* default_profile.png in Resources */ = {isa = PBXBuildFile; fileRef = 5890D6431B081DD200AAEAE5 /* default_profile.png */; };
		5890D66B1B081DD200AAEAE5 /* default_thumb.png in Resources */ = {isa = PBXBuildFile; fileRef = 5890D6441B081DD200AAEAE5 /* default_thumb.png */; };
		5890D66C1B081DD200AAEAE5 /* ic_bin.png in Resources */ = {isa = PBXBuildFile; fileRef = 5890D6451B081DD200AAEAE5 /* ic_bin.png */; };
		5890D66D1B081DD200AAEAE5 /* ic_cogwheel.png in Resources */ = {isa = PBXBuildFile; fileRef = 5890D6461B081DD200AAEAE5 /* ic_cogwheel.png */; };
		5890D66E1B081DD200AAEAE5 /* ic_down.png in Resources */ = {isa = PBXBuildFile; fileRef = 5890D6471B081DD200AAEAE5 /* ic_down.png */; };
		5890D66F1B081DD200AAEAE5 /* ic_edit_gray.png in Resources */ = {isa = PBXBuildFile; fileRef = 5890D6481B081DD200AAEAE5 /* ic_edit_gray.png */; };
		5890D6701B081DD200AAEAE5 /* ic_edit.png in Resources */ = {isa = PBXBuildFile; fileRef = 5890D6491B081DD200AAEAE5 /* ic_edit.png */; };
		5890D6711B081DD200AAEAE5 /* ic_facebook.png in Resources */ = {isa = PBXBuildFile; fileRef = 5890D64A1B081DD200AAEAE5 /* ic_facebook.png */; };
		5890D6721B081DD200AAEAE5 /* ic_home.png in Resources */ = {isa = PBXBuildFile; fileRef = 5890D64B1B081DD200AAEAE5 /* ic_home.png */; };
		5890D6731B081DD200AAEAE5 /* ic_music_gray.png in Resources */ = {isa = PBXBuildFile; fileRef = 5890D64C1B081DD200AAEAE5 /* ic_music_gray.png */; };
		5890D6741B081DD200AAEAE5 /* ic_ok.png in Resources */ = {isa = PBXBuildFile; fileRef = 5890D64D1B081DD200AAEAE5 /* ic_ok.png */; };
		5890D6751B081DD200AAEAE5 /* ic_option_menu.png in Resources */ = {isa = PBXBuildFile; fileRef = 5890D64E1B081DD200AAEAE5 /* ic_option_menu.png */; };
		5890D6761B081DD200AAEAE5 /* ic_presence_offline.png in Resources */ = {isa = PBXBuildFile; fileRef = 5890D64F1B081DD200AAEAE5 /* ic_presence_offline.png */; };
		5890D6771B081DD200AAEAE5 /* ic_seach.png in Resources */ = {isa = PBXBuildFile; fileRef = 5890D6501B081DD200AAEAE5 /* ic_seach.png */; };
		5890D6781B081DD200AAEAE5 /* ic_up.png in Resources */ = {isa = PBXBuildFile; fileRef = 5890D6511B081DD200AAEAE5 /* ic_up.png */; };
		5890D6791B081DD200AAEAE5 /* logo.png in Resources */ = {isa = PBXBuildFile; fileRef = 5890D6521B081DD200AAEAE5 /* logo.png */; };
		5890D67A1B081DD200AAEAE5 /* play_thumbnail.png in Resources */ = {isa = PBXBuildFile; fileRef = 5890D6531B081DD200AAEAE5 /* play_thumbnail.png */; };
		5890D67E1B081EE400AAEAE5 /* glyphicons_playlist.png in Resources */ = {isa = PBXBuildFile; fileRef = 5890D67B1B081EE400AAEAE5 /* glyphicons_playlist.png */; };
		5890D67F1B081EE400AAEAE5 /* glyphicons_share.png in Resources */ = {isa = PBXBuildFile; fileRef = 5890D67C1B081EE400AAEAE5 /* glyphicons_share.png */; };
		5890D6801B081EE400AAEAE5 /* glyphicons_show_thumbnails.png in Resources */ = {isa = PBXBuildFile; fileRef = 5890D67D1B081EE400AAEAE5 /* glyphicons_show_thumbnails.png */; };
		5890D6841B08460600AAEAE5 /* BackgroundAudio.mp3 in Resources */ = {isa = PBXBuildFile; fileRef = 5890D6821B08460600AAEAE5 /* BackgroundAudio.mp3 */; };
		5890D6851B08460600AAEAE5 /* ButtonAudio.wav in Resources */ = {isa = PBXBuildFile; fileRef = 5890D6831B08460600AAEAE5 /* ButtonAudio.wav */; };
		58D3EBDC1B0BAAD4000C6374 /* BaseContentViewController.swift in Sources */ = {isa = PBXBuildFile; fileRef = 58D3EBDB1B0BAAD4000C6374 /* BaseContentViewController.swift */; };
		58D3EBDE1B0BBC00000C6374 /* AddableTrackTableViewCell.swift in Sources */ = {isa = PBXBuildFile; fileRef = 58D3EBDD1B0BBC00000C6374 /* AddableTrackTableViewCell.swift */; };
		597D265670AB261B0AF2BF3D /* Pods.framework in Frameworks */ = {isa = PBXBuildFile; fileRef = C2ABE64F4B0B9F198A41297C /* Pods.framework */; settings = {ATTRIBUTES = (Weak, ); }; };
		FC0D9D551B09A70300E048CC /* PlayerContext.swift in Sources */ = {isa = PBXBuildFile; fileRef = FC0D9D541B09A70300E048CC /* PlayerContext.swift */; };
		FC0D9D571B09F4F500E048CC /* Stream.swift in Sources */ = {isa = PBXBuildFile; fileRef = FC0D9D561B09F4F500E048CC /* Stream.swift */; };
		FC766BEF1B050D51006FD4FB /* NetworkPath.swift in Sources */ = {isa = PBXBuildFile; fileRef = FC766BEE1B050D51006FD4FB /* NetworkPath.swift */; };
		FC766BF51B051AA4006FD4FB /* NetworkRequests.swift in Sources */ = {isa = PBXBuildFile; fileRef = FC766BF41B051AA4006FD4FB /* NetworkRequests.swift */; };
		FCCAFE601B08BF920027F9D4 /* Models.swift in Sources */ = {isa = PBXBuildFile; fileRef = FCCAFE5F1B08BF920027F9D4 /* Models.swift */; };
		FCD1DA881B04CCB200F9EA70 /* AppDelegate.swift in Sources */ = {isa = PBXBuildFile; fileRef = FCD1DA871B04CCB200F9EA70 /* AppDelegate.swift */; };
		FCD1DA8D1B04CCB200F9EA70 /* Main.storyboard in Resources */ = {isa = PBXBuildFile; fileRef = FCD1DA8B1B04CCB200F9EA70 /* Main.storyboard */; };
		FCD1DA8F1B04CCB200F9EA70 /* Images.xcassets in Resources */ = {isa = PBXBuildFile; fileRef = FCD1DA8E1B04CCB200F9EA70 /* Images.xcassets */; };
		FCD1DA921B04CCB200F9EA70 /* LaunchScreen.xib in Resources */ = {isa = PBXBuildFile; fileRef = FCD1DA901B04CCB200F9EA70 /* LaunchScreen.xib */; };
		FCD1DA9E1B04CCB200F9EA70 /* labsTests.swift in Sources */ = {isa = PBXBuildFile; fileRef = FCD1DA9D1B04CCB200F9EA70 /* labsTests.swift */; };
/* End PBXBuildFile section */

/* Begin PBXContainerItemProxy section */
		FCD1DA981B04CCB200F9EA70 /* PBXContainerItemProxy */ = {
			isa = PBXContainerItemProxy;
			containerPortal = FCD1DA7A1B04CCB200F9EA70 /* Project object */;
			proxyType = 1;
			remoteGlobalIDString = FCD1DA811B04CCB200F9EA70;
			remoteInfo = labs;
		};
/* End PBXContainerItemProxy section */

/* Begin PBXFileReference section */
		3372C44287021A7AD7EDADFB /* Pods.release.xcconfig */ = {isa = PBXFileReference; includeInIndex = 1; lastKnownFileType = text.xcconfig; name = Pods.release.xcconfig; path = "Pods/Target Support Files/Pods/Pods.release.xcconfig"; sourceTree = "<group>"; };
		580621321B08CBAA009012D5 /* FeedViewController.swift */ = {isa = PBXFileReference; fileEncoding = 4; lastKnownFileType = sourcecode.swift; path = FeedViewController.swift; sourceTree = "<group>"; };
		580621341B08DE74009012D5 /* FBSDKCoreKit.framework */ = {isa = PBXFileReference; lastKnownFileType = wrapper.framework; name = FBSDKCoreKit.framework; path = "Pods/../build/Debug-iphoneos/Pods/FBSDKCoreKit.framework"; sourceTree = "<group>"; };
		580621361B08DE79009012D5 /* FBSDKLoginKit.framework */ = {isa = PBXFileReference; lastKnownFileType = wrapper.framework; name = FBSDKLoginKit.framework; path = "Pods/../build/Debug-iphoneos/Pods/FBSDKLoginKit.framework"; sourceTree = "<group>"; };
		581D4C9D1B09FA120036BEBF /* PlaylistViewController.swift */ = {isa = PBXFileReference; fileEncoding = 4; lastKnownFileType = sourcecode.swift; path = PlaylistViewController.swift; sourceTree = "<group>"; };
		581D4C9F1B0A0CCF0036BEBF /* PlaylistTableViewCell.swift */ = {isa = PBXFileReference; fileEncoding = 4; lastKnownFileType = sourcecode.swift; path = PlaylistTableViewCell.swift; sourceTree = "<group>"; };
		582709F61B0A8605003C44DA /* KeychainItemWrapper.swift */ = {isa = PBXFileReference; fileEncoding = 4; lastKnownFileType = sourcecode.swift; path = KeychainItemWrapper.swift; sourceTree = "<group>"; };
		582AFA1D1B09200B001ADEED /* SigninViewController.swift */ = {isa = PBXFileReference; fileEncoding = 4; lastKnownFileType = sourcecode.swift; path = SigninViewController.swift; sourceTree = "<group>"; };
		586D16691B0B65AF00C5147F /* MMSparkDrawerVisualStateManager.swift */ = {isa = PBXFileReference; fileEncoding = 4; lastKnownFileType = sourcecode.swift; name = MMSparkDrawerVisualStateManager.swift; path = MMDrawerController/MMSparkDrawerVisualStateManager.swift; sourceTree = "<group>"; };
		586D166D1B0B972400C5147F /* StartupViewController.swift */ = {isa = PBXFileReference; fileEncoding = 4; lastKnownFileType = sourcecode.swift; path = StartupViewController.swift; sourceTree = "<group>"; };
		5890D6111B052B8000AAEAE5 /* LeftSideViewController.swift */ = {isa = PBXFileReference; fileEncoding = 4; lastKnownFileType = sourcecode.swift; path = LeftSideViewController.swift; sourceTree = "<group>"; };
		5890D6131B0530AE00AAEAE5 /* SideMenuTableViewCell.swift */ = {isa = PBXFileReference; fileEncoding = 4; lastKnownFileType = sourcecode.swift; path = SideMenuTableViewCell.swift; sourceTree = "<group>"; };
		5890D6151B0538CD00AAEAE5 /* SearchViewController.swift */ = {isa = PBXFileReference; fileEncoding = 4; lastKnownFileType = sourcecode.swift; path = SearchViewController.swift; sourceTree = "<group>"; };
		5890D6171B053F4900AAEAE5 /* SettingsViewController.swift */ = {isa = PBXFileReference; fileEncoding = 4; lastKnownFileType = sourcecode.swift; path = SettingsViewController.swift; sourceTree = "<group>"; };
		5890D6191B05484A00AAEAE5 /* CenterViewController.swift */ = {isa = PBXFileReference; fileEncoding = 4; lastKnownFileType = sourcecode.swift; path = CenterViewController.swift; sourceTree = "<group>"; };
		5890D6271B081C0800AAEAE5 /* AVFoundation.framework */ = {isa = PBXFileReference; lastKnownFileType = wrapper.framework; name = AVFoundation.framework; path = System/Library/Frameworks/AVFoundation.framework; sourceTree = SDKROOT; };
		5890D6291B081C1100AAEAE5 /* MediaPlayer.framework */ = {isa = PBXFileReference; lastKnownFileType = wrapper.framework; name = MediaPlayer.framework; path = System/Library/Frameworks/MediaPlayer.framework; sourceTree = SDKROOT; };
		5890D62D1B081DD200AAEAE5 /* btn_add.png */ = {isa = PBXFileReference; lastKnownFileType = image.png; path = btn_add.png; sourceTree = "<group>"; };
		5890D62E1B081DD200AAEAE5 /* btn_backward_disabled.png */ = {isa = PBXFileReference; lastKnownFileType = image.png; path = btn_backward_disabled.png; sourceTree = "<group>"; };
		5890D62F1B081DD200AAEAE5 /* btn_backward_normal.png */ = {isa = PBXFileReference; lastKnownFileType = image.png; path = btn_backward_normal.png; sourceTree = "<group>"; };
		5890D6301B081DD200AAEAE5 /* btn_close.png */ = {isa = PBXFileReference; lastKnownFileType = image.png; path = btn_close.png; sourceTree = "<group>"; };
		5890D6311B081DD200AAEAE5 /* btn_forward_disabled.png */ = {isa = PBXFileReference; lastKnownFileType = image.png; path = btn_forward_disabled.png; sourceTree = "<group>"; };
		5890D6321B081DD200AAEAE5 /* btn_forward_normal.png */ = {isa = PBXFileReference; lastKnownFileType = image.png; path = btn_forward_normal.png; sourceTree = "<group>"; };
		5890D6331B081DD200AAEAE5 /* btn_pause_diabled.png */ = {isa = PBXFileReference; lastKnownFileType = image.png; path = btn_pause_diabled.png; sourceTree = "<group>"; };
		5890D6341B081DD200AAEAE5 /* btn_pause_normal.png */ = {isa = PBXFileReference; lastKnownFileType = image.png; path = btn_pause_normal.png; sourceTree = "<group>"; };
		5890D6351B081DD200AAEAE5 /* btn_play_disabled.png */ = {isa = PBXFileReference; lastKnownFileType = image.png; path = btn_play_disabled.png; sourceTree = "<group>"; };
		5890D6361B081DD200AAEAE5 /* btn_play_normal.png */ = {isa = PBXFileReference; lastKnownFileType = image.png; path = btn_play_normal.png; sourceTree = "<group>"; };
		5890D6371B081DD200AAEAE5 /* btn_progress.png */ = {isa = PBXFileReference; lastKnownFileType = image.png; path = btn_progress.png; sourceTree = "<group>"; };
		5890D6381B081DD200AAEAE5 /* btn_repeat_disabled.png */ = {isa = PBXFileReference; lastKnownFileType = image.png; path = btn_repeat_disabled.png; sourceTree = "<group>"; };
		5890D6391B081DD200AAEAE5 /* btn_repeat_normal.png */ = {isa = PBXFileReference; lastKnownFileType = image.png; path = btn_repeat_normal.png; sourceTree = "<group>"; };
		5890D63A1B081DD200AAEAE5 /* btn_repeat_one.png */ = {isa = PBXFileReference; lastKnownFileType = image.png; path = btn_repeat_one.png; sourceTree = "<group>"; };
		5890D63B1B081DD200AAEAE5 /* btn_shuffle_disabled.png */ = {isa = PBXFileReference; lastKnownFileType = image.png; path = btn_shuffle_disabled.png; sourceTree = "<group>"; };
		5890D63C1B081DD200AAEAE5 /* btn_shuffle_normal.png */ = {isa = PBXFileReference; lastKnownFileType = image.png; path = btn_shuffle_normal.png; sourceTree = "<group>"; };
		5890D63D1B081DD200AAEAE5 /* btn_video_disabled.png */ = {isa = PBXFileReference; lastKnownFileType = image.png; path = btn_video_disabled.png; sourceTree = "<group>"; };
		5890D63E1B081DD200AAEAE5 /* btn_video_normal.png */ = {isa = PBXFileReference; lastKnownFileType = image.png; path = btn_video_normal.png; sourceTree = "<group>"; };
		5890D63F1B081DD200AAEAE5 /* btn_volume_max.png */ = {isa = PBXFileReference; lastKnownFileType = image.png; path = btn_volume_max.png; sourceTree = "<group>"; };
		5890D6401B081DD200AAEAE5 /* btn_volume_mid.png */ = {isa = PBXFileReference; lastKnownFileType = image.png; path = btn_volume_mid.png; sourceTree = "<group>"; };
		5890D6411B081DD200AAEAE5 /* btn_volume_min.png */ = {isa = PBXFileReference; lastKnownFileType = image.png; path = btn_volume_min.png; sourceTree = "<group>"; };
		5890D6421B081DD200AAEAE5 /* btn_volume_mute.png */ = {isa = PBXFileReference; lastKnownFileType = image.png; path = btn_volume_mute.png; sourceTree = "<group>"; };
		5890D6431B081DD200AAEAE5 /* default_profile.png */ = {isa = PBXFileReference; lastKnownFileType = image.png; path = default_profile.png; sourceTree = "<group>"; };
		5890D6441B081DD200AAEAE5 /* default_thumb.png */ = {isa = PBXFileReference; lastKnownFileType = image.png; path = default_thumb.png; sourceTree = "<group>"; };
		5890D6451B081DD200AAEAE5 /* ic_bin.png */ = {isa = PBXFileReference; lastKnownFileType = image.png; path = ic_bin.png; sourceTree = "<group>"; };
		5890D6461B081DD200AAEAE5 /* ic_cogwheel.png */ = {isa = PBXFileReference; lastKnownFileType = image.png; path = ic_cogwheel.png; sourceTree = "<group>"; };
		5890D6471B081DD200AAEAE5 /* ic_down.png */ = {isa = PBXFileReference; lastKnownFileType = image.png; path = ic_down.png; sourceTree = "<group>"; };
		5890D6481B081DD200AAEAE5 /* ic_edit_gray.png */ = {isa = PBXFileReference; lastKnownFileType = image.png; path = ic_edit_gray.png; sourceTree = "<group>"; };
		5890D6491B081DD200AAEAE5 /* ic_edit.png */ = {isa = PBXFileReference; lastKnownFileType = image.png; path = ic_edit.png; sourceTree = "<group>"; };
		5890D64A1B081DD200AAEAE5 /* ic_facebook.png */ = {isa = PBXFileReference; lastKnownFileType = image.png; path = ic_facebook.png; sourceTree = "<group>"; };
		5890D64B1B081DD200AAEAE5 /* ic_home.png */ = {isa = PBXFileReference; lastKnownFileType = image.png; path = ic_home.png; sourceTree = "<group>"; };
		5890D64C1B081DD200AAEAE5 /* ic_music_gray.png */ = {isa = PBXFileReference; lastKnownFileType = image.png; path = ic_music_gray.png; sourceTree = "<group>"; };
		5890D64D1B081DD200AAEAE5 /* ic_ok.png */ = {isa = PBXFileReference; lastKnownFileType = image.png; path = ic_ok.png; sourceTree = "<group>"; };
		5890D64E1B081DD200AAEAE5 /* ic_option_menu.png */ = {isa = PBXFileReference; lastKnownFileType = image.png; path = ic_option_menu.png; sourceTree = "<group>"; };
		5890D64F1B081DD200AAEAE5 /* ic_presence_offline.png */ = {isa = PBXFileReference; lastKnownFileType = image.png; path = ic_presence_offline.png; sourceTree = "<group>"; };
		5890D6501B081DD200AAEAE5 /* ic_seach.png */ = {isa = PBXFileReference; lastKnownFileType = image.png; path = ic_seach.png; sourceTree = "<group>"; };
		5890D6511B081DD200AAEAE5 /* ic_up.png */ = {isa = PBXFileReference; lastKnownFileType = image.png; path = ic_up.png; sourceTree = "<group>"; };
		5890D6521B081DD200AAEAE5 /* logo.png */ = {isa = PBXFileReference; lastKnownFileType = image.png; path = logo.png; sourceTree = "<group>"; };
		5890D6531B081DD200AAEAE5 /* play_thumbnail.png */ = {isa = PBXFileReference; lastKnownFileType = image.png; path = play_thumbnail.png; sourceTree = "<group>"; };
		5890D67B1B081EE400AAEAE5 /* glyphicons_playlist.png */ = {isa = PBXFileReference; lastKnownFileType = image.png; path = glyphicons_playlist.png; sourceTree = "<group>"; };
		5890D67C1B081EE400AAEAE5 /* glyphicons_share.png */ = {isa = PBXFileReference; lastKnownFileType = image.png; path = glyphicons_share.png; sourceTree = "<group>"; };
		5890D67D1B081EE400AAEAE5 /* glyphicons_show_thumbnails.png */ = {isa = PBXFileReference; lastKnownFileType = image.png; path = glyphicons_show_thumbnails.png; sourceTree = "<group>"; };
		5890D6821B08460600AAEAE5 /* BackgroundAudio.mp3 */ = {isa = PBXFileReference; lastKnownFileType = audio.mp3; path = BackgroundAudio.mp3; sourceTree = "<group>"; };
		5890D6831B08460600AAEAE5 /* ButtonAudio.wav */ = {isa = PBXFileReference; lastKnownFileType = audio.wav; path = ButtonAudio.wav; sourceTree = "<group>"; };
		58D3EBDB1B0BAAD4000C6374 /* BaseContentViewController.swift */ = {isa = PBXFileReference; fileEncoding = 4; lastKnownFileType = sourcecode.swift; path = BaseContentViewController.swift; sourceTree = "<group>"; };
		58D3EBDD1B0BBC00000C6374 /* AddableTrackTableViewCell.swift */ = {isa = PBXFileReference; fileEncoding = 4; lastKnownFileType = sourcecode.swift; path = AddableTrackTableViewCell.swift; sourceTree = "<group>"; };
		C2ABE64F4B0B9F198A41297C /* Pods.framework */ = {isa = PBXFileReference; explicitFileType = wrapper.framework; includeInIndex = 0; path = Pods.framework; sourceTree = BUILT_PRODUCTS_DIR; };
		CFA1A3ACE66027AEC6F82BF6 /* Pods.debug.xcconfig */ = {isa = PBXFileReference; includeInIndex = 1; lastKnownFileType = text.xcconfig; name = Pods.debug.xcconfig; path = "Pods/Target Support Files/Pods/Pods.debug.xcconfig"; sourceTree = "<group>"; };
		FC0D9D541B09A70300E048CC /* PlayerContext.swift */ = {isa = PBXFileReference; fileEncoding = 4; lastKnownFileType = sourcecode.swift; path = PlayerContext.swift; sourceTree = "<group>"; };
		FC0D9D561B09F4F500E048CC /* Stream.swift */ = {isa = PBXFileReference; fileEncoding = 4; lastKnownFileType = sourcecode.swift; path = Stream.swift; sourceTree = "<group>"; };
		FC766BEE1B050D51006FD4FB /* NetworkPath.swift */ = {isa = PBXFileReference; fileEncoding = 4; lastKnownFileType = sourcecode.swift; path = NetworkPath.swift; sourceTree = "<group>"; };
		FC766BF41B051AA4006FD4FB /* NetworkRequests.swift */ = {isa = PBXFileReference; fileEncoding = 4; lastKnownFileType = sourcecode.swift; path = NetworkRequests.swift; sourceTree = "<group>"; };
		FCCAFE5F1B08BF920027F9D4 /* Models.swift */ = {isa = PBXFileReference; fileEncoding = 4; lastKnownFileType = sourcecode.swift; path = Models.swift; sourceTree = "<group>"; };
		FCD1DA821B04CCB200F9EA70 /* labs.app */ = {isa = PBXFileReference; explicitFileType = wrapper.application; includeInIndex = 0; path = labs.app; sourceTree = BUILT_PRODUCTS_DIR; };
		FCD1DA861B04CCB200F9EA70 /* Info.plist */ = {isa = PBXFileReference; lastKnownFileType = text.plist.xml; path = Info.plist; sourceTree = "<group>"; };
		FCD1DA871B04CCB200F9EA70 /* AppDelegate.swift */ = {isa = PBXFileReference; lastKnownFileType = sourcecode.swift; path = AppDelegate.swift; sourceTree = "<group>"; };
		FCD1DA8C1B04CCB200F9EA70 /* Base */ = {isa = PBXFileReference; lastKnownFileType = file.storyboard; name = Base; path = Base.lproj/Main.storyboard; sourceTree = "<group>"; };
		FCD1DA8E1B04CCB200F9EA70 /* Images.xcassets */ = {isa = PBXFileReference; lastKnownFileType = folder.assetcatalog; path = Images.xcassets; sourceTree = "<group>"; };
		FCD1DA911B04CCB200F9EA70 /* Base */ = {isa = PBXFileReference; lastKnownFileType = file.xib; name = Base; path = Base.lproj/LaunchScreen.xib; sourceTree = "<group>"; };
		FCD1DA971B04CCB200F9EA70 /* labsTests.xctest */ = {isa = PBXFileReference; explicitFileType = wrapper.cfbundle; includeInIndex = 0; path = labsTests.xctest; sourceTree = BUILT_PRODUCTS_DIR; };
		FCD1DA9C1B04CCB200F9EA70 /* Info.plist */ = {isa = PBXFileReference; lastKnownFileType = text.plist.xml; path = Info.plist; sourceTree = "<group>"; };
		FCD1DA9D1B04CCB200F9EA70 /* labsTests.swift */ = {isa = PBXFileReference; lastKnownFileType = sourcecode.swift; path = labsTests.swift; sourceTree = "<group>"; };
/* End PBXFileReference section */

/* Begin PBXFrameworksBuildPhase section */
		FCD1DA7F1B04CCB200F9EA70 /* Frameworks */ = {
			isa = PBXFrameworksBuildPhase;
			buildActionMask = 2147483647;
			files = (
				580621371B08DE79009012D5 /* FBSDKLoginKit.framework in Frameworks */,
				580621351B08DE74009012D5 /* FBSDKCoreKit.framework in Frameworks */,
				5890D62A1B081C1100AAEAE5 /* MediaPlayer.framework in Frameworks */,
				5890D6281B081C0800AAEAE5 /* AVFoundation.framework in Frameworks */,
				597D265670AB261B0AF2BF3D /* Pods.framework in Frameworks */,
			);
			runOnlyForDeploymentPostprocessing = 0;
		};
		FCD1DA941B04CCB200F9EA70 /* Frameworks */ = {
			isa = PBXFrameworksBuildPhase;
			buildActionMask = 2147483647;
			files = (
			);
			runOnlyForDeploymentPostprocessing = 0;
		};
/* End PBXFrameworksBuildPhase section */

/* Begin PBXGroup section */
		5890D62C1B081DB500AAEAE5 /* images */ = {
			isa = PBXGroup;
			children = (
				5890D67B1B081EE400AAEAE5 /* glyphicons_playlist.png */,
				5890D67C1B081EE400AAEAE5 /* glyphicons_share.png */,
				5890D67D1B081EE400AAEAE5 /* glyphicons_show_thumbnails.png */,
				5890D62D1B081DD200AAEAE5 /* btn_add.png */,
				5890D62E1B081DD200AAEAE5 /* btn_backward_disabled.png */,
				5890D62F1B081DD200AAEAE5 /* btn_backward_normal.png */,
				5890D6301B081DD200AAEAE5 /* btn_close.png */,
				5890D6311B081DD200AAEAE5 /* btn_forward_disabled.png */,
				5890D6321B081DD200AAEAE5 /* btn_forward_normal.png */,
				5890D6331B081DD200AAEAE5 /* btn_pause_diabled.png */,
				5890D6341B081DD200AAEAE5 /* btn_pause_normal.png */,
				5890D6351B081DD200AAEAE5 /* btn_play_disabled.png */,
				5890D6361B081DD200AAEAE5 /* btn_play_normal.png */,
				5890D6371B081DD200AAEAE5 /* btn_progress.png */,
				5890D6381B081DD200AAEAE5 /* btn_repeat_disabled.png */,
				5890D6391B081DD200AAEAE5 /* btn_repeat_normal.png */,
				5890D63A1B081DD200AAEAE5 /* btn_repeat_one.png */,
				5890D63B1B081DD200AAEAE5 /* btn_shuffle_disabled.png */,
				5890D63C1B081DD200AAEAE5 /* btn_shuffle_normal.png */,
				5890D63D1B081DD200AAEAE5 /* btn_video_disabled.png */,
				5890D63E1B081DD200AAEAE5 /* btn_video_normal.png */,
				5890D63F1B081DD200AAEAE5 /* btn_volume_max.png */,
				5890D6401B081DD200AAEAE5 /* btn_volume_mid.png */,
				5890D6411B081DD200AAEAE5 /* btn_volume_min.png */,
				5890D6421B081DD200AAEAE5 /* btn_volume_mute.png */,
				5890D6431B081DD200AAEAE5 /* default_profile.png */,
				5890D6441B081DD200AAEAE5 /* default_thumb.png */,
				5890D6451B081DD200AAEAE5 /* ic_bin.png */,
				5890D6461B081DD200AAEAE5 /* ic_cogwheel.png */,
				5890D6471B081DD200AAEAE5 /* ic_down.png */,
				5890D6481B081DD200AAEAE5 /* ic_edit_gray.png */,
				5890D6491B081DD200AAEAE5 /* ic_edit.png */,
				5890D64A1B081DD200AAEAE5 /* ic_facebook.png */,
				5890D64B1B081DD200AAEAE5 /* ic_home.png */,
				5890D64C1B081DD200AAEAE5 /* ic_music_gray.png */,
				5890D64D1B081DD200AAEAE5 /* ic_ok.png */,
				5890D64E1B081DD200AAEAE5 /* ic_option_menu.png */,
				5890D64F1B081DD200AAEAE5 /* ic_presence_offline.png */,
				5890D6501B081DD200AAEAE5 /* ic_seach.png */,
				5890D6511B081DD200AAEAE5 /* ic_up.png */,
				5890D6521B081DD200AAEAE5 /* logo.png */,
				5890D6531B081DD200AAEAE5 /* play_thumbnail.png */,
			);
			name = images;
			sourceTree = "<group>";
		};
		5890D6811B0845FB00AAEAE5 /* sample_music */ = {
			isa = PBXGroup;
			children = (
				5890D6821B08460600AAEAE5 /* BackgroundAudio.mp3 */,
				5890D6831B08460600AAEAE5 /* ButtonAudio.wav */,
			);
			name = sample_music;
			sourceTree = "<group>";
		};
		781AE8564719EDEB64E2ABD6 /* Pods */ = {
			isa = PBXGroup;
			children = (
				CFA1A3ACE66027AEC6F82BF6 /* Pods.debug.xcconfig */,
				3372C44287021A7AD7EDADFB /* Pods.release.xcconfig */,
			);
			name = Pods;
			sourceTree = "<group>";
		};
		F98F65D2D15412F7828AF298 /* Frameworks */ = {
			isa = PBXGroup;
			children = (
				580621361B08DE79009012D5 /* FBSDKLoginKit.framework */,
				580621341B08DE74009012D5 /* FBSDKCoreKit.framework */,
				5890D6291B081C1100AAEAE5 /* MediaPlayer.framework */,
				5890D6271B081C0800AAEAE5 /* AVFoundation.framework */,
				C2ABE64F4B0B9F198A41297C /* Pods.framework */,
			);
			name = Frameworks;
			sourceTree = "<group>";
		};
		FCD1DA791B04CCB200F9EA70 = {
			isa = PBXGroup;
			children = (
				FCD1DA841B04CCB200F9EA70 /* labs */,
				FCD1DA9A1B04CCB200F9EA70 /* labsTests */,
				FCD1DA831B04CCB200F9EA70 /* Products */,
				781AE8564719EDEB64E2ABD6 /* Pods */,
				F98F65D2D15412F7828AF298 /* Frameworks */,
			);
			sourceTree = "<group>";
		};
		FCD1DA831B04CCB200F9EA70 /* Products */ = {
			isa = PBXGroup;
			children = (
				FCD1DA821B04CCB200F9EA70 /* labs.app */,
				FCD1DA971B04CCB200F9EA70 /* labsTests.xctest */,
			);
			name = Products;
			sourceTree = "<group>";
		};
		FCD1DA841B04CCB200F9EA70 /* labs */ = {
			isa = PBXGroup;
			children = (
				FCD1DA871B04CCB200F9EA70 /* AppDelegate.swift */,
				FCD1DA8B1B04CCB200F9EA70 /* Main.storyboard */,
				FCD1DA8E1B04CCB200F9EA70 /* Images.xcassets */,
				FCD1DA901B04CCB200F9EA70 /* LaunchScreen.xib */,
				FCD1DA851B04CCB200F9EA70 /* Supporting Files */,
				5890D6111B052B8000AAEAE5 /* LeftSideViewController.swift */,
				5890D6131B0530AE00AAEAE5 /* SideMenuTableViewCell.swift */,
				5890D6151B0538CD00AAEAE5 /* SearchViewController.swift */,
				5890D6171B053F4900AAEAE5 /* SettingsViewController.swift */,
				586D16691B0B65AF00C5147F /* MMSparkDrawerVisualStateManager.swift */,
				5890D6191B05484A00AAEAE5 /* CenterViewController.swift */,
				FC766BEE1B050D51006FD4FB /* NetworkPath.swift */,
				FC766BF41B051AA4006FD4FB /* NetworkRequests.swift */,
				FCCAFE5F1B08BF920027F9D4 /* Models.swift */,
				580621321B08CBAA009012D5 /* FeedViewController.swift */,
				FC0D9D541B09A70300E048CC /* PlayerContext.swift */,
				FC0D9D561B09F4F500E048CC /* Stream.swift */,
				582AFA1D1B09200B001ADEED /* SigninViewController.swift */,
				581D4C9D1B09FA120036BEBF /* PlaylistViewController.swift */,
				581D4C9F1B0A0CCF0036BEBF /* PlaylistTableViewCell.swift */,
				582709F61B0A8605003C44DA /* KeychainItemWrapper.swift */,
				586D166D1B0B972400C5147F /* StartupViewController.swift */,
				58D3EBDB1B0BAAD4000C6374 /* BaseContentViewController.swift */,
				58D3EBDD1B0BBC00000C6374 /* AddableTrackTableViewCell.swift */,
			);
			path = labs;
			sourceTree = "<group>";
		};
		FCD1DA851B04CCB200F9EA70 /* Supporting Files */ = {
			isa = PBXGroup;
			children = (
				5890D6811B0845FB00AAEAE5 /* sample_music */,
				5890D62C1B081DB500AAEAE5 /* images */,
				FCD1DA861B04CCB200F9EA70 /* Info.plist */,
			);
			name = "Supporting Files";
			sourceTree = "<group>";
		};
		FCD1DA9A1B04CCB200F9EA70 /* labsTests */ = {
			isa = PBXGroup;
			children = (
				FCD1DA9D1B04CCB200F9EA70 /* labsTests.swift */,
				FCD1DA9B1B04CCB200F9EA70 /* Supporting Files */,
			);
			path = labsTests;
			sourceTree = "<group>";
		};
		FCD1DA9B1B04CCB200F9EA70 /* Supporting Files */ = {
			isa = PBXGroup;
			children = (
				FCD1DA9C1B04CCB200F9EA70 /* Info.plist */,
			);
			name = "Supporting Files";
			sourceTree = "<group>";
		};
/* End PBXGroup section */

/* Begin PBXNativeTarget section */
		FCD1DA811B04CCB200F9EA70 /* labs */ = {
			isa = PBXNativeTarget;
			buildConfigurationList = FCD1DAA11B04CCB200F9EA70 /* Build configuration list for PBXNativeTarget "labs" */;
			buildPhases = (
				6E7F14DA2FFAD61D65FB5A80 /* Check Pods Manifest.lock */,
				FCD1DA7E1B04CCB200F9EA70 /* Sources */,
				FCD1DA7F1B04CCB200F9EA70 /* Frameworks */,
				FCD1DA801B04CCB200F9EA70 /* Resources */,
				6321CF910DBE980BBCBC3AC9 /* Embed Pods Frameworks */,
				C571F646446D35AC43E605F8 /* Copy Pods Resources */,
			);
			buildRules = (
			);
			dependencies = (
			);
			name = labs;
			productName = labs;
			productReference = FCD1DA821B04CCB200F9EA70 /* labs.app */;
			productType = "com.apple.product-type.application";
		};
		FCD1DA961B04CCB200F9EA70 /* labsTests */ = {
			isa = PBXNativeTarget;
			buildConfigurationList = FCD1DAA41B04CCB200F9EA70 /* Build configuration list for PBXNativeTarget "labsTests" */;
			buildPhases = (
				FCD1DA931B04CCB200F9EA70 /* Sources */,
				FCD1DA941B04CCB200F9EA70 /* Frameworks */,
				FCD1DA951B04CCB200F9EA70 /* Resources */,
			);
			buildRules = (
			);
			dependencies = (
				FCD1DA991B04CCB200F9EA70 /* PBXTargetDependency */,
			);
			name = labsTests;
			productName = labsTests;
			productReference = FCD1DA971B04CCB200F9EA70 /* labsTests.xctest */;
			productType = "com.apple.product-type.bundle.unit-test";
		};
/* End PBXNativeTarget section */

/* Begin PBXProject section */
		FCD1DA7A1B04CCB200F9EA70 /* Project object */ = {
			isa = PBXProject;
			attributes = {
				LastUpgradeCheck = 0600;
				ORGANIZATIONNAME = dropbeat;
				TargetAttributes = {
					FCD1DA811B04CCB200F9EA70 = {
						CreatedOnToolsVersion = 6.0.1;
					};
					FCD1DA961B04CCB200F9EA70 = {
						CreatedOnToolsVersion = 6.0.1;
						TestTargetID = FCD1DA811B04CCB200F9EA70;
					};
				};
			};
			buildConfigurationList = FCD1DA7D1B04CCB200F9EA70 /* Build configuration list for PBXProject "labs" */;
			compatibilityVersion = "Xcode 3.2";
			developmentRegion = English;
			hasScannedForEncodings = 0;
			knownRegions = (
				en,
				Base,
			);
			mainGroup = FCD1DA791B04CCB200F9EA70;
			productRefGroup = FCD1DA831B04CCB200F9EA70 /* Products */;
			projectDirPath = "";
			projectRoot = "";
			targets = (
				FCD1DA811B04CCB200F9EA70 /* labs */,
				FCD1DA961B04CCB200F9EA70 /* labsTests */,
			);
		};
/* End PBXProject section */

/* Begin PBXResourcesBuildPhase section */
		FCD1DA801B04CCB200F9EA70 /* Resources */ = {
			isa = PBXResourcesBuildPhase;
			buildActionMask = 2147483647;
			files = (
				5890D66B1B081DD200AAEAE5 /* default_thumb.png in Resources */,
				5890D66E1B081DD200AAEAE5 /* ic_down.png in Resources */,
				5890D6721B081DD200AAEAE5 /* ic_home.png in Resources */,
				5890D65F1B081DD200AAEAE5 /* btn_repeat_disabled.png in Resources */,
				5890D66D1B081DD200AAEAE5 /* ic_cogwheel.png in Resources */,
				5890D6541B081DD200AAEAE5 /* btn_add.png in Resources */,
				5890D6621B081DD200AAEAE5 /* btn_shuffle_disabled.png in Resources */,
				5890D6681B081DD200AAEAE5 /* btn_volume_min.png in Resources */,
				5890D66C1B081DD200AAEAE5 /* ic_bin.png in Resources */,
				5890D65D1B081DD200AAEAE5 /* btn_play_normal.png in Resources */,
				5890D65B1B081DD200AAEAE5 /* btn_pause_normal.png in Resources */,
				FCD1DA8D1B04CCB200F9EA70 /* Main.storyboard in Resources */,
				5890D6741B081DD200AAEAE5 /* ic_ok.png in Resources */,
				5890D67A1B081DD200AAEAE5 /* play_thumbnail.png in Resources */,
				5890D6751B081DD200AAEAE5 /* ic_option_menu.png in Resources */,
				5890D6591B081DD200AAEAE5 /* btn_forward_normal.png in Resources */,
				5890D6631B081DD200AAEAE5 /* btn_shuffle_normal.png in Resources */,
				FCD1DA921B04CCB200F9EA70 /* LaunchScreen.xib in Resources */,
				5890D6701B081DD200AAEAE5 /* ic_edit.png in Resources */,
				5890D66A1B081DD200AAEAE5 /* default_profile.png in Resources */,
				5890D67E1B081EE400AAEAE5 /* glyphicons_playlist.png in Resources */,
				5890D6761B081DD200AAEAE5 /* ic_presence_offline.png in Resources */,
				5890D65C1B081DD200AAEAE5 /* btn_play_disabled.png in Resources */,
				5890D66F1B081DD200AAEAE5 /* ic_edit_gray.png in Resources */,
				5890D6561B081DD200AAEAE5 /* btn_backward_normal.png in Resources */,
				5890D6551B081DD200AAEAE5 /* btn_backward_disabled.png in Resources */,
				5890D6671B081DD200AAEAE5 /* btn_volume_mid.png in Resources */,
				5890D6781B081DD200AAEAE5 /* ic_up.png in Resources */,
				5890D6611B081DD200AAEAE5 /* btn_repeat_one.png in Resources */,
				5890D6771B081DD200AAEAE5 /* ic_seach.png in Resources */,
				5890D6711B081DD200AAEAE5 /* ic_facebook.png in Resources */,
				5890D6791B081DD200AAEAE5 /* logo.png in Resources */,
				5890D6731B081DD200AAEAE5 /* ic_music_gray.png in Resources */,
				5890D6841B08460600AAEAE5 /* BackgroundAudio.mp3 in Resources */,
				5890D67F1B081EE400AAEAE5 /* glyphicons_share.png in Resources */,
				5890D65E1B081DD200AAEAE5 /* btn_progress.png in Resources */,
				FCD1DA8F1B04CCB200F9EA70 /* Images.xcassets in Resources */,
				5890D65A1B081DD200AAEAE5 /* btn_pause_diabled.png in Resources */,
				5890D6651B081DD200AAEAE5 /* btn_video_normal.png in Resources */,
				5890D6641B081DD200AAEAE5 /* btn_video_disabled.png in Resources */,
				5890D6581B081DD200AAEAE5 /* btn_forward_disabled.png in Resources */,
				5890D6801B081EE400AAEAE5 /* glyphicons_show_thumbnails.png in Resources */,
				5890D6691B081DD200AAEAE5 /* btn_volume_mute.png in Resources */,
				5890D6661B081DD200AAEAE5 /* btn_volume_max.png in Resources */,
				5890D6851B08460600AAEAE5 /* ButtonAudio.wav in Resources */,
				5890D6601B081DD200AAEAE5 /* btn_repeat_normal.png in Resources */,
				5890D6571B081DD200AAEAE5 /* btn_close.png in Resources */,
			);
			runOnlyForDeploymentPostprocessing = 0;
		};
		FCD1DA951B04CCB200F9EA70 /* Resources */ = {
			isa = PBXResourcesBuildPhase;
			buildActionMask = 2147483647;
			files = (
			);
			runOnlyForDeploymentPostprocessing = 0;
		};
/* End PBXResourcesBuildPhase section */

/* Begin PBXShellScriptBuildPhase section */
		6321CF910DBE980BBCBC3AC9 /* Embed Pods Frameworks */ = {
			isa = PBXShellScriptBuildPhase;
			buildActionMask = 2147483647;
			files = (
			);
			inputPaths = (
			);
			name = "Embed Pods Frameworks";
			outputPaths = (
			);
			runOnlyForDeploymentPostprocessing = 0;
			shellPath = /bin/sh;
			shellScript = "\"${SRCROOT}/Pods/Target Support Files/Pods/Pods-frameworks.sh\"\n";
			showEnvVarsInLog = 0;
		};
		6E7F14DA2FFAD61D65FB5A80 /* Check Pods Manifest.lock */ = {
			isa = PBXShellScriptBuildPhase;
			buildActionMask = 2147483647;
			files = (
			);
			inputPaths = (
			);
			name = "Check Pods Manifest.lock";
			outputPaths = (
			);
			runOnlyForDeploymentPostprocessing = 0;
			shellPath = /bin/sh;
			shellScript = "diff \"${PODS_ROOT}/../Podfile.lock\" \"${PODS_ROOT}/Manifest.lock\" > /dev/null\nif [[ $? != 0 ]] ; then\n    cat << EOM\nerror: The sandbox is not in sync with the Podfile.lock. Run 'pod install' or update your CocoaPods installation.\nEOM\n    exit 1\nfi\n";
			showEnvVarsInLog = 0;
		};
		C571F646446D35AC43E605F8 /* Copy Pods Resources */ = {
			isa = PBXShellScriptBuildPhase;
			buildActionMask = 2147483647;
			files = (
			);
			inputPaths = (
			);
			name = "Copy Pods Resources";
			outputPaths = (
			);
			runOnlyForDeploymentPostprocessing = 0;
			shellPath = /bin/sh;
			shellScript = "\"${SRCROOT}/Pods/Target Support Files/Pods/Pods-resources.sh\"\n";
			showEnvVarsInLog = 0;
		};
/* End PBXShellScriptBuildPhase section */

/* Begin PBXSourcesBuildPhase section */
		FCD1DA7E1B04CCB200F9EA70 /* Sources */ = {
			isa = PBXSourcesBuildPhase;
			buildActionMask = 2147483647;
			files = (
				5890D6161B0538CD00AAEAE5 /* SearchViewController.swift in Sources */,
				5890D6121B052B8000AAEAE5 /* LeftSideViewController.swift in Sources */,
				586D166A1B0B65AF00C5147F /* MMSparkDrawerVisualStateManager.swift in Sources */,
				581D4CA01B0A0CCF0036BEBF /* PlaylistTableViewCell.swift in Sources */,
				586D166E1B0B972400C5147F /* StartupViewController.swift in Sources */,
				5890D61A1B05484A00AAEAE5 /* CenterViewController.swift in Sources */,
				582709F71B0A8605003C44DA /* KeychainItemWrapper.swift in Sources */,
				58D3EBDE1B0BBC00000C6374 /* AddableTrackTableViewCell.swift in Sources */,
				FC0D9D551B09A70300E048CC /* PlayerContext.swift in Sources */,
				FC766BEF1B050D51006FD4FB /* NetworkPath.swift in Sources */,
				FC766BF51B051AA4006FD4FB /* NetworkRequests.swift in Sources */,
				FCCAFE601B08BF920027F9D4 /* Models.swift in Sources */,
				580621331B08CBAA009012D5 /* FeedViewController.swift in Sources */,
				FC0D9D571B09F4F500E048CC /* Stream.swift in Sources */,
				582AFA1E1B09200B001ADEED /* SigninViewController.swift in Sources */,
				581D4C9E1B09FA120036BEBF /* PlaylistViewController.swift in Sources */,
				58D3EBDC1B0BAAD4000C6374 /* BaseContentViewController.swift in Sources */,
				FCD1DA881B04CCB200F9EA70 /* AppDelegate.swift in Sources */,
				5890D6141B0530AE00AAEAE5 /* SideMenuTableViewCell.swift in Sources */,
				5890D6181B053F4900AAEAE5 /* SettingsViewController.swift in Sources */,
			);
			runOnlyForDeploymentPostprocessing = 0;
		};
		FCD1DA931B04CCB200F9EA70 /* Sources */ = {
			isa = PBXSourcesBuildPhase;
			buildActionMask = 2147483647;
			files = (
				FCD1DA9E1B04CCB200F9EA70 /* labsTests.swift in Sources */,
			);
			runOnlyForDeploymentPostprocessing = 0;
		};
/* End PBXSourcesBuildPhase section */

/* Begin PBXTargetDependency section */
		FCD1DA991B04CCB200F9EA70 /* PBXTargetDependency */ = {
			isa = PBXTargetDependency;
			target = FCD1DA811B04CCB200F9EA70 /* labs */;
			targetProxy = FCD1DA981B04CCB200F9EA70 /* PBXContainerItemProxy */;
		};
/* End PBXTargetDependency section */

/* Begin PBXVariantGroup section */
		FCD1DA8B1B04CCB200F9EA70 /* Main.storyboard */ = {
			isa = PBXVariantGroup;
			children = (
				FCD1DA8C1B04CCB200F9EA70 /* Base */,
			);
			name = Main.storyboard;
			sourceTree = "<group>";
		};
		FCD1DA901B04CCB200F9EA70 /* LaunchScreen.xib */ = {
			isa = PBXVariantGroup;
			children = (
				FCD1DA911B04CCB200F9EA70 /* Base */,
			);
			name = LaunchScreen.xib;
			sourceTree = "<group>";
		};
/* End PBXVariantGroup section */

/* Begin XCBuildConfiguration section */
		FCD1DA9F1B04CCB200F9EA70 /* Debug */ = {
			isa = XCBuildConfiguration;
			buildSettings = {
				ALWAYS_SEARCH_USER_PATHS = NO;
				CLANG_CXX_LANGUAGE_STANDARD = "gnu++0x";
				CLANG_CXX_LIBRARY = "libc++";
				CLANG_ENABLE_MODULES = YES;
				CLANG_ENABLE_OBJC_ARC = YES;
				CLANG_WARN_BOOL_CONVERSION = YES;
				CLANG_WARN_CONSTANT_CONVERSION = YES;
				CLANG_WARN_DIRECT_OBJC_ISA_USAGE = YES_ERROR;
				CLANG_WARN_EMPTY_BODY = YES;
				CLANG_WARN_ENUM_CONVERSION = YES;
				CLANG_WARN_INT_CONVERSION = YES;
				CLANG_WARN_OBJC_ROOT_CLASS = YES_ERROR;
				CLANG_WARN_UNREACHABLE_CODE = YES;
				CLANG_WARN__DUPLICATE_METHOD_MATCH = YES;
				"CODE_SIGN_IDENTITY[sdk=iphoneos*]" = "iPhone Developer";
				COPY_PHASE_STRIP = NO;
				ENABLE_STRICT_OBJC_MSGSEND = YES;
				GCC_C_LANGUAGE_STANDARD = gnu99;
				GCC_DYNAMIC_NO_PIC = NO;
				GCC_OPTIMIZATION_LEVEL = 0;
				GCC_PREPROCESSOR_DEFINITIONS = (
					"DEBUG=1",
					"$(inherited)",
				);
				GCC_SYMBOLS_PRIVATE_EXTERN = NO;
				GCC_WARN_64_TO_32_BIT_CONVERSION = YES;
				GCC_WARN_ABOUT_RETURN_TYPE = YES_ERROR;
				GCC_WARN_UNDECLARED_SELECTOR = YES;
				GCC_WARN_UNINITIALIZED_AUTOS = YES_AGGRESSIVE;
				GCC_WARN_UNUSED_FUNCTION = YES;
				GCC_WARN_UNUSED_VARIABLE = YES;
				IPHONEOS_DEPLOYMENT_TARGET = 8.0;
				MTL_ENABLE_DEBUG_INFO = YES;
				ONLY_ACTIVE_ARCH = YES;
				SDKROOT = iphoneos;
				SWIFT_OPTIMIZATION_LEVEL = "-Onone";
				TARGETED_DEVICE_FAMILY = "1,2";
			};
			name = Debug;
		};
		FCD1DAA01B04CCB200F9EA70 /* Release */ = {
			isa = XCBuildConfiguration;
			buildSettings = {
				ALWAYS_SEARCH_USER_PATHS = NO;
				CLANG_CXX_LANGUAGE_STANDARD = "gnu++0x";
				CLANG_CXX_LIBRARY = "libc++";
				CLANG_ENABLE_MODULES = YES;
				CLANG_ENABLE_OBJC_ARC = YES;
				CLANG_WARN_BOOL_CONVERSION = YES;
				CLANG_WARN_CONSTANT_CONVERSION = YES;
				CLANG_WARN_DIRECT_OBJC_ISA_USAGE = YES_ERROR;
				CLANG_WARN_EMPTY_BODY = YES;
				CLANG_WARN_ENUM_CONVERSION = YES;
				CLANG_WARN_INT_CONVERSION = YES;
				CLANG_WARN_OBJC_ROOT_CLASS = YES_ERROR;
				CLANG_WARN_UNREACHABLE_CODE = YES;
				CLANG_WARN__DUPLICATE_METHOD_MATCH = YES;
				"CODE_SIGN_IDENTITY[sdk=iphoneos*]" = "iPhone Developer";
				COPY_PHASE_STRIP = YES;
				ENABLE_NS_ASSERTIONS = NO;
				ENABLE_STRICT_OBJC_MSGSEND = YES;
				GCC_C_LANGUAGE_STANDARD = gnu99;
				GCC_WARN_64_TO_32_BIT_CONVERSION = YES;
				GCC_WARN_ABOUT_RETURN_TYPE = YES_ERROR;
				GCC_WARN_UNDECLARED_SELECTOR = YES;
				GCC_WARN_UNINITIALIZED_AUTOS = YES_AGGRESSIVE;
				GCC_WARN_UNUSED_FUNCTION = YES;
				GCC_WARN_UNUSED_VARIABLE = YES;
				IPHONEOS_DEPLOYMENT_TARGET = 8.0;
				MTL_ENABLE_DEBUG_INFO = NO;
				SDKROOT = iphoneos;
				TARGETED_DEVICE_FAMILY = "1,2";
				VALIDATE_PRODUCT = YES;
			};
			name = Release;
		};
		FCD1DAA21B04CCB200F9EA70 /* Debug */ = {
			isa = XCBuildConfiguration;
			baseConfigurationReference = CFA1A3ACE66027AEC6F82BF6 /* Pods.debug.xcconfig */;
			buildSettings = {
				ASSETCATALOG_COMPILER_APPICON_NAME = AppIcon;
				FRAMEWORK_SEARCH_PATHS = (
					"$(inherited)",
					"$(PROJECT_DIR)/build/Debug-iphoneos/Pods",
				);
				INFOPLIST_FILE = labs/Info.plist;
				LD_RUNPATH_SEARCH_PATHS = "$(inherited) @executable_path/Frameworks";
				PRODUCT_NAME = "$(TARGET_NAME)";
				SWIFT_OBJC_BRIDGING_HEADER = "";
			};
			name = Debug;
		};
		FCD1DAA31B04CCB200F9EA70 /* Release */ = {
			isa = XCBuildConfiguration;
			baseConfigurationReference = 3372C44287021A7AD7EDADFB /* Pods.release.xcconfig */;
			buildSettings = {
				ASSETCATALOG_COMPILER_APPICON_NAME = AppIcon;
				FRAMEWORK_SEARCH_PATHS = (
					"$(inherited)",
					"$(PROJECT_DIR)/build/Debug-iphoneos/Pods",
				);
				INFOPLIST_FILE = labs/Info.plist;
				LD_RUNPATH_SEARCH_PATHS = "$(inherited) @executable_path/Frameworks";
				PRODUCT_NAME = "$(TARGET_NAME)";
				SWIFT_OBJC_BRIDGING_HEADER = "";
			};
			name = Release;
		};
		FCD1DAA51B04CCB200F9EA70 /* Debug */ = {
			isa = XCBuildConfiguration;
			buildSettings = {
				BUNDLE_LOADER = "$(TEST_HOST)";
				FRAMEWORK_SEARCH_PATHS = (
					"$(SDKROOT)/Developer/Library/Frameworks",
					"$(inherited)",
				);
				GCC_PREPROCESSOR_DEFINITIONS = (
					"DEBUG=1",
					"$(inherited)",
				);
				INFOPLIST_FILE = labsTests/Info.plist;
				LD_RUNPATH_SEARCH_PATHS = "$(inherited) @executable_path/Frameworks @loader_path/Frameworks";
				PRODUCT_NAME = "$(TARGET_NAME)";
				TEST_HOST = "$(BUILT_PRODUCTS_DIR)/labs.app/labs";
			};
			name = Debug;
		};
		FCD1DAA61B04CCB200F9EA70 /* Release */ = {
			isa = XCBuildConfiguration;
			buildSettings = {
				BUNDLE_LOADER = "$(TEST_HOST)";
				FRAMEWORK_SEARCH_PATHS = (
					"$(SDKROOT)/Developer/Library/Frameworks",
					"$(inherited)",
				);
				INFOPLIST_FILE = labsTests/Info.plist;
				LD_RUNPATH_SEARCH_PATHS = "$(inherited) @executable_path/Frameworks @loader_path/Frameworks";
				PRODUCT_NAME = "$(TARGET_NAME)";
				TEST_HOST = "$(BUILT_PRODUCTS_DIR)/labs.app/labs";
			};
			name = Release;
		};
/* End XCBuildConfiguration section */

/* Begin XCConfigurationList section */
		FCD1DA7D1B04CCB200F9EA70 /* Build configuration list for PBXProject "labs" */ = {
			isa = XCConfigurationList;
			buildConfigurations = (
				FCD1DA9F1B04CCB200F9EA70 /* Debug */,
				FCD1DAA01B04CCB200F9EA70 /* Release */,
			);
			defaultConfigurationIsVisible = 0;
			defaultConfigurationName = Release;
		};
		FCD1DAA11B04CCB200F9EA70 /* Build configuration list for PBXNativeTarget "labs" */ = {
			isa = XCConfigurationList;
			buildConfigurations = (
				FCD1DAA21B04CCB200F9EA70 /* Debug */,
				FCD1DAA31B04CCB200F9EA70 /* Release */,
			);
			defaultConfigurationIsVisible = 0;
			defaultConfigurationName = Release;
		};
		FCD1DAA41B04CCB200F9EA70 /* Build configuration list for PBXNativeTarget "labsTests" */ = {
			isa = XCConfigurationList;
			buildConfigurations = (
				FCD1DAA51B04CCB200F9EA70 /* Debug */,
				FCD1DAA61B04CCB200F9EA70 /* Release */,
			);
			defaultConfigurationIsVisible = 0;
			defaultConfigurationName = Release;
		};
/* End XCConfigurationList section */
	};
	rootObject = FCD1DA7A1B04CCB200F9EA70 /* Project object */;
}
